// !$*UTF8*$!
{
	archiveVersion = 1;
	classes = {
	};
	objectVersion = 46;
	objects = {

/* Begin PBXBuildFile section */
		28ADAAEB1C89336900C1F2D2 /* main.m in Sources */ = {isa = PBXBuildFile; fileRef = 28ADAAEA1C89336900C1F2D2 /* main.m */; };
		28ADAAEE1C89336900C1F2D2 /* AppDelegate.m in Sources */ = {isa = PBXBuildFile; fileRef = 28ADAAED1C89336900C1F2D2 /* AppDelegate.m */; };
		28ADAAF11C89336900C1F2D2 /* ViewController.m in Sources */ = {isa = PBXBuildFile; fileRef = 28ADAAF01C89336900C1F2D2 /* ViewController.m */; };
		28ADAAF41C89336900C1F2D2 /* Main.storyboard in Resources */ = {isa = PBXBuildFile; fileRef = 28ADAAF21C89336900C1F2D2 /* Main.storyboard */; };
		28ADAAF61C89336900C1F2D2 /* Assets.xcassets in Resources */ = {isa = PBXBuildFile; fileRef = 28ADAAF51C89336900C1F2D2 /* Assets.xcassets */; };
		28ADAAF91C89336900C1F2D2 /* LaunchScreen.storyboard in Resources */ = {isa = PBXBuildFile; fileRef = 28ADAAF71C89336900C1F2D2 /* LaunchScreen.storyboard */; };
		28ADAB071C8933C100C1F2D2 /* JJSkin+Test.m in Sources */ = {isa = PBXBuildFile; fileRef = 28ADAB021C8933C100C1F2D2 /* JJSkin+Test.m */; };
		28ADAB081C8933C100C1F2D2 /* jjSkin-iPhone 5C.json in Resources */ = {isa = PBXBuildFile; fileRef = 28ADAB031C8933C100C1F2D2 /* jjSkin-iPhone 5C.json */; };
		28ADAB091C8933C100C1F2D2 /* jjSkin-iPhone.json in Resources */ = {isa = PBXBuildFile; fileRef = 28ADAB041C8933C100C1F2D2 /* jjSkin-iPhone.json */; };
		28ADAB0A1C8933C100C1F2D2 /* jjSkin-iPhone320x568.json in Resources */ = {isa = PBXBuildFile; fileRef = 28ADAB051C8933C100C1F2D2 /* jjSkin-iPhone320x568.json */; };
		28ADAB0B1C8933C100C1F2D2 /* jjSkin-iPhone375x667.json in Resources */ = {isa = PBXBuildFile; fileRef = 28ADAB061C8933C100C1F2D2 /* jjSkin-iPhone375x667.json */; };
		28ADABB21C89354F00C1F2D2 /* NSData+JJ.m in Sources */ = {isa = PBXBuildFile; fileRef = 28ADAB791C89354F00C1F2D2 /* NSData+JJ.m */; };
		28ADABB31C89354F00C1F2D2 /* NSObject+JJ.m in Sources */ = {isa = PBXBuildFile; fileRef = 28ADAB7B1C89354F00C1F2D2 /* NSObject+JJ.m */; };
		28ADABB41C89354F00C1F2D2 /* NSObject+JJSkin.m in Sources */ = {isa = PBXBuildFile; fileRef = 28ADAB7D1C89354F00C1F2D2 /* NSObject+JJSkin.m */; };
		28ADABB51C89354F00C1F2D2 /* NSString+JJ.m in Sources */ = {isa = PBXBuildFile; fileRef = 28ADAB7F1C89354F00C1F2D2 /* NSString+JJ.m */; };
		28ADABB61C89354F00C1F2D2 /* UIColor+JJ.m in Sources */ = {isa = PBXBuildFile; fileRef = 28ADAB811C89354F00C1F2D2 /* UIColor+JJ.m */; };
		28ADABB71C89354F00C1F2D2 /* UIDevice+JJ.m in Sources */ = {isa = PBXBuildFile; fileRef = 28ADAB831C89354F00C1F2D2 /* UIDevice+JJ.m */; };
		28ADABB81C89354F00C1F2D2 /* JJSkinConfig.m in Sources */ = {isa = PBXBuildFile; fileRef = 28ADAB861C89354F00C1F2D2 /* JJSkinConfig.m */; };
		28ADABB91C89354F00C1F2D2 /* JJSkinManager.m in Sources */ = {isa = PBXBuildFile; fileRef = 28ADAB8A1C89354F00C1F2D2 /* JJSkinManager.m */; };
		28ADABBA1C89354F00C1F2D2 /* JJButtonStyle.m in Sources */ = {isa = PBXBuildFile; fileRef = 28ADAB8D1C89354F00C1F2D2 /* JJButtonStyle.m */; };
		28ADABBB1C89354F00C1F2D2 /* JJCommonStyle.m in Sources */ = {isa = PBXBuildFile; fileRef = 28ADAB8F1C89354F00C1F2D2 /* JJCommonStyle.m */; };
		28ADABBC1C89354F00C1F2D2 /* JJControlStyle.m in Sources */ = {isa = PBXBuildFile; fileRef = 28ADAB911C89354F00C1F2D2 /* JJControlStyle.m */; };
		28ADABBD1C89354F00C1F2D2 /* JJFontStyle.m in Sources */ = {isa = PBXBuildFile; fileRef = 28ADAB931C89354F00C1F2D2 /* JJFontStyle.m */; };
		28ADABBE1C89354F00C1F2D2 /* JJImageViewStyle.m in Sources */ = {isa = PBXBuildFile; fileRef = 28ADAB951C89354F00C1F2D2 /* JJImageViewStyle.m */; };
		28ADABBF1C89354F00C1F2D2 /* JJLabelStyle.m in Sources */ = {isa = PBXBuildFile; fileRef = 28ADAB971C89354F00C1F2D2 /* JJLabelStyle.m */; };
		28ADABC01C89354F00C1F2D2 /* JJMyselfTestStyle.m in Sources */ = {isa = PBXBuildFile; fileRef = 28ADAB991C89354F00C1F2D2 /* JJMyselfTestStyle.m */; };
		28ADABC11C89354F00C1F2D2 /* JJScrollViewStyle.m in Sources */ = {isa = PBXBuildFile; fileRef = 28ADAB9B1C89354F00C1F2D2 /* JJScrollViewStyle.m */; };
		28ADABC21C89354F00C1F2D2 /* JJSkinStyle.m in Sources */ = {isa = PBXBuildFile; fileRef = 28ADAB9D1C89354F00C1F2D2 /* JJSkinStyle.m */; };
		28ADABC31C89354F00C1F2D2 /* JJTableViewStyle.m in Sources */ = {isa = PBXBuildFile; fileRef = 28ADABA11C89354F00C1F2D2 /* JJTableViewStyle.m */; };
		28ADABC41C89354F00C1F2D2 /* JJTextFieldStyle.m in Sources */ = {isa = PBXBuildFile; fileRef = 28ADABA31C89354F00C1F2D2 /* JJTextFieldStyle.m */; };
		28ADABC51C89354F00C1F2D2 /* JJTextViewStyle.m in Sources */ = {isa = PBXBuildFile; fileRef = 28ADABA51C89354F00C1F2D2 /* JJTextViewStyle.m */; };
		28ADABC61C89354F00C1F2D2 /* JJViewStyle.m in Sources */ = {isa = PBXBuildFile; fileRef = 28ADABA71C89354F00C1F2D2 /* JJViewStyle.m */; };
		28ADABC71C89354F00C1F2D2 /* JJSkinView.m in Sources */ = {isa = PBXBuildFile; fileRef = 28ADABAB1C89354F00C1F2D2 /* JJSkinView.m */; };
		28ADABC81C89354F00C1F2D2 /* JJSkinViewController.m in Sources */ = {isa = PBXBuildFile; fileRef = 28ADABAD1C89354F00C1F2D2 /* JJSkinViewController.m */; };
		28ADABC91C89354F00C1F2D2 /* UIView+JJSkin.m in Sources */ = {isa = PBXBuildFile; fileRef = 28ADABAF1C89354F00C1F2D2 /* UIView+JJSkin.m */; };
		28ADABCA1C89354F00C1F2D2 /* UIViewController+JJSkin.m in Sources */ = {isa = PBXBuildFile; fileRef = 28ADABB11C89354F00C1F2D2 /* UIViewController+JJSkin.m */; };
/* End PBXBuildFile section */

/* Begin PBXFileReference section */
		28ADAAE61C89336900C1F2D2 /* JJSkinDemo.app */ = {isa = PBXFileReference; explicitFileType = wrapper.application; includeInIndex = 0; path = JJSkinDemo.app; sourceTree = BUILT_PRODUCTS_DIR; };
		28ADAAEA1C89336900C1F2D2 /* main.m */ = {isa = PBXFileReference; lastKnownFileType = sourcecode.c.objc; path = main.m; sourceTree = "<group>"; };
		28ADAAEC1C89336900C1F2D2 /* AppDelegate.h */ = {isa = PBXFileReference; lastKnownFileType = sourcecode.c.h; path = AppDelegate.h; sourceTree = "<group>"; };
		28ADAAED1C89336900C1F2D2 /* AppDelegate.m */ = {isa = PBXFileReference; lastKnownFileType = sourcecode.c.objc; path = AppDelegate.m; sourceTree = "<group>"; };
		28ADAAEF1C89336900C1F2D2 /* ViewController.h */ = {isa = PBXFileReference; lastKnownFileType = sourcecode.c.h; path = ViewController.h; sourceTree = "<group>"; };
		28ADAAF01C89336900C1F2D2 /* ViewController.m */ = {isa = PBXFileReference; lastKnownFileType = sourcecode.c.objc; path = ViewController.m; sourceTree = "<group>"; };
		28ADAAF31C89336900C1F2D2 /* Base */ = {isa = PBXFileReference; lastKnownFileType = file.storyboard; name = Base; path = Base.lproj/Main.storyboard; sourceTree = "<group>"; };
		28ADAAF51C89336900C1F2D2 /* Assets.xcassets */ = {isa = PBXFileReference; lastKnownFileType = folder.assetcatalog; path = Assets.xcassets; sourceTree = "<group>"; };
		28ADAAF81C89336900C1F2D2 /* Base */ = {isa = PBXFileReference; lastKnownFileType = file.storyboard; name = Base; path = Base.lproj/LaunchScreen.storyboard; sourceTree = "<group>"; };
		28ADAAFA1C89336900C1F2D2 /* Info.plist */ = {isa = PBXFileReference; lastKnownFileType = text.plist.xml; path = Info.plist; sourceTree = "<group>"; };
		28ADAB011C8933C100C1F2D2 /* JJSkin+Test.h */ = {isa = PBXFileReference; fileEncoding = 4; lastKnownFileType = sourcecode.c.h; path = "JJSkin+Test.h"; sourceTree = "<group>"; };
		28ADAB021C8933C100C1F2D2 /* JJSkin+Test.m */ = {isa = PBXFileReference; fileEncoding = 4; lastKnownFileType = sourcecode.c.objc; path = "JJSkin+Test.m"; sourceTree = "<group>"; };
		28ADAB031C8933C100C1F2D2 /* jjSkin-iPhone 5C.json */ = {isa = PBXFileReference; fileEncoding = 4; lastKnownFileType = text.json; path = "jjSkin-iPhone 5C.json"; sourceTree = "<group>"; };
		28ADAB041C8933C100C1F2D2 /* jjSkin-iPhone.json */ = {isa = PBXFileReference; fileEncoding = 4; lastKnownFileType = text.json; path = "jjSkin-iPhone.json"; sourceTree = "<group>"; };
		28ADAB051C8933C100C1F2D2 /* jjSkin-iPhone320x568.json */ = {isa = PBXFileReference; fileEncoding = 4; lastKnownFileType = text.json; path = "jjSkin-iPhone320x568.json"; sourceTree = "<group>"; };
		28ADAB061C8933C100C1F2D2 /* jjSkin-iPhone375x667.json */ = {isa = PBXFileReference; fileEncoding = 4; lastKnownFileType = text.json; path = "jjSkin-iPhone375x667.json"; sourceTree = "<group>"; };
		28ADAB781C89354F00C1F2D2 /* NSData+JJ.h */ = {isa = PBXFileReference; fileEncoding = 4; lastKnownFileType = sourcecode.c.h; path = "NSData+JJ.h"; sourceTree = "<group>"; };
		28ADAB791C89354F00C1F2D2 /* NSData+JJ.m */ = {isa = PBXFileReference; fileEncoding = 4; lastKnownFileType = sourcecode.c.objc; path = "NSData+JJ.m"; sourceTree = "<group>"; };
		28ADAB7A1C89354F00C1F2D2 /* NSObject+JJ.h */ = {isa = PBXFileReference; fileEncoding = 4; lastKnownFileType = sourcecode.c.h; path = "NSObject+JJ.h"; sourceTree = "<group>"; };
		28ADAB7B1C89354F00C1F2D2 /* NSObject+JJ.m */ = {isa = PBXFileReference; fileEncoding = 4; lastKnownFileType = sourcecode.c.objc; path = "NSObject+JJ.m"; sourceTree = "<group>"; };
		28ADAB7C1C89354F00C1F2D2 /* NSObject+JJSkin.h */ = {isa = PBXFileReference; fileEncoding = 4; lastKnownFileType = sourcecode.c.h; path = "NSObject+JJSkin.h"; sourceTree = "<group>"; };
		28ADAB7D1C89354F00C1F2D2 /* NSObject+JJSkin.m */ = {isa = PBXFileReference; fileEncoding = 4; lastKnownFileType = sourcecode.c.objc; path = "NSObject+JJSkin.m"; sourceTree = "<group>"; };
		28ADAB7E1C89354F00C1F2D2 /* NSString+JJ.h */ = {isa = PBXFileReference; fileEncoding = 4; lastKnownFileType = sourcecode.c.h; path = "NSString+JJ.h"; sourceTree = "<group>"; };
		28ADAB7F1C89354F00C1F2D2 /* NSString+JJ.m */ = {isa = PBXFileReference; fileEncoding = 4; lastKnownFileType = sourcecode.c.objc; path = "NSString+JJ.m"; sourceTree = "<group>"; };
		28ADAB801C89354F00C1F2D2 /* UIColor+JJ.h */ = {isa = PBXFileReference; fileEncoding = 4; lastKnownFileType = sourcecode.c.h; path = "UIColor+JJ.h"; sourceTree = "<group>"; };
		28ADAB811C89354F00C1F2D2 /* UIColor+JJ.m */ = {isa = PBXFileReference; fileEncoding = 4; lastKnownFileType = sourcecode.c.objc; path = "UIColor+JJ.m"; sourceTree = "<group>"; };
		28ADAB821C89354F00C1F2D2 /* UIDevice+JJ.h */ = {isa = PBXFileReference; fileEncoding = 4; lastKnownFileType = sourcecode.c.h; path = "UIDevice+JJ.h"; sourceTree = "<group>"; };
		28ADAB831C89354F00C1F2D2 /* UIDevice+JJ.m */ = {isa = PBXFileReference; fileEncoding = 4; lastKnownFileType = sourcecode.c.objc; path = "UIDevice+JJ.m"; sourceTree = "<group>"; };
		28ADAB851C89354F00C1F2D2 /* JJSkinConfig.h */ = {isa = PBXFileReference; fileEncoding = 4; lastKnownFileType = sourcecode.c.h; path = JJSkinConfig.h; sourceTree = "<group>"; };
		28ADAB861C89354F00C1F2D2 /* JJSkinConfig.m */ = {isa = PBXFileReference; fileEncoding = 4; lastKnownFileType = sourcecode.c.objc; path = JJSkinConfig.m; sourceTree = "<group>"; };
		28ADAB871C89354F00C1F2D2 /* JJSkin.h */ = {isa = PBXFileReference; fileEncoding = 4; lastKnownFileType = sourcecode.c.h; path = JJSkin.h; sourceTree = "<group>"; };
		28ADAB891C89354F00C1F2D2 /* JJSkinManager.h */ = {isa = PBXFileReference; fileEncoding = 4; lastKnownFileType = sourcecode.c.h; path = JJSkinManager.h; sourceTree = "<group>"; };
		28ADAB8A1C89354F00C1F2D2 /* JJSkinManager.m */ = {isa = PBXFileReference; fileEncoding = 4; lastKnownFileType = sourcecode.c.objc; path = JJSkinManager.m; sourceTree = "<group>"; };
		28ADAB8C1C89354F00C1F2D2 /* JJButtonStyle.h */ = {isa = PBXFileReference; fileEncoding = 4; lastKnownFileType = sourcecode.c.h; path = JJButtonStyle.h; sourceTree = "<group>"; };
		28ADAB8D1C89354F00C1F2D2 /* JJButtonStyle.m */ = {isa = PBXFileReference; fileEncoding = 4; lastKnownFileType = sourcecode.c.objc; path = JJButtonStyle.m; sourceTree = "<group>"; };
		28ADAB8E1C89354F00C1F2D2 /* JJCommonStyle.h */ = {isa = PBXFileReference; fileEncoding = 4; lastKnownFileType = sourcecode.c.h; path = JJCommonStyle.h; sourceTree = "<group>"; };
		28ADAB8F1C89354F00C1F2D2 /* JJCommonStyle.m */ = {isa = PBXFileReference; fileEncoding = 4; lastKnownFileType = sourcecode.c.objc; path = JJCommonStyle.m; sourceTree = "<group>"; };
		28ADAB901C89354F00C1F2D2 /* JJControlStyle.h */ = {isa = PBXFileReference; fileEncoding = 4; lastKnownFileType = sourcecode.c.h; path = JJControlStyle.h; sourceTree = "<group>"; };
		28ADAB911C89354F00C1F2D2 /* JJControlStyle.m */ = {isa = PBXFileReference; fileEncoding = 4; lastKnownFileType = sourcecode.c.objc; path = JJControlStyle.m; sourceTree = "<group>"; };
		28ADAB921C89354F00C1F2D2 /* JJFontStyle.h */ = {isa = PBXFileReference; fileEncoding = 4; lastKnownFileType = sourcecode.c.h; path = JJFontStyle.h; sourceTree = "<group>"; };
		28ADAB931C89354F00C1F2D2 /* JJFontStyle.m */ = {isa = PBXFileReference; fileEncoding = 4; lastKnownFileType = sourcecode.c.objc; path = JJFontStyle.m; sourceTree = "<group>"; };
		28ADAB941C89354F00C1F2D2 /* JJImageViewStyle.h */ = {isa = PBXFileReference; fileEncoding = 4; lastKnownFileType = sourcecode.c.h; path = JJImageViewStyle.h; sourceTree = "<group>"; };
		28ADAB951C89354F00C1F2D2 /* JJImageViewStyle.m */ = {isa = PBXFileReference; fileEncoding = 4; lastKnownFileType = sourcecode.c.objc; path = JJImageViewStyle.m; sourceTree = "<group>"; };
		28ADAB961C89354F00C1F2D2 /* JJLabelStyle.h */ = {isa = PBXFileReference; fileEncoding = 4; lastKnownFileType = sourcecode.c.h; path = JJLabelStyle.h; sourceTree = "<group>"; };
		28ADAB971C89354F00C1F2D2 /* JJLabelStyle.m */ = {isa = PBXFileReference; fileEncoding = 4; lastKnownFileType = sourcecode.c.objc; path = JJLabelStyle.m; sourceTree = "<group>"; };
		28ADAB981C89354F00C1F2D2 /* JJMyselfTestStyle.h */ = {isa = PBXFileReference; fileEncoding = 4; lastKnownFileType = sourcecode.c.h; path = JJMyselfTestStyle.h; sourceTree = "<group>"; };
		28ADAB991C89354F00C1F2D2 /* JJMyselfTestStyle.m */ = {isa = PBXFileReference; fileEncoding = 4; lastKnownFileType = sourcecode.c.objc; path = JJMyselfTestStyle.m; sourceTree = "<group>"; };
		28ADAB9A1C89354F00C1F2D2 /* JJScrollViewStyle.h */ = {isa = PBXFileReference; fileEncoding = 4; lastKnownFileType = sourcecode.c.h; path = JJScrollViewStyle.h; sourceTree = "<group>"; };
		28ADAB9B1C89354F00C1F2D2 /* JJScrollViewStyle.m */ = {isa = PBXFileReference; fileEncoding = 4; lastKnownFileType = sourcecode.c.objc; path = JJScrollViewStyle.m; sourceTree = "<group>"; };
		28ADAB9C1C89354F00C1F2D2 /* JJSkinStyle.h */ = {isa = PBXFileReference; fileEncoding = 4; lastKnownFileType = sourcecode.c.h; path = JJSkinStyle.h; sourceTree = "<group>"; };
		28ADAB9D1C89354F00C1F2D2 /* JJSkinStyle.m */ = {isa = PBXFileReference; fileEncoding = 4; lastKnownFileType = sourcecode.c.objc; path = JJSkinStyle.m; sourceTree = "<group>"; };
		28ADAB9E1C89354F00C1F2D2 /* JJSkinStyleDataSource.h */ = {isa = PBXFileReference; fileEncoding = 4; lastKnownFileType = sourcecode.c.h; path = JJSkinStyleDataSource.h; sourceTree = "<group>"; };
		28ADAB9F1C89354F00C1F2D2 /* JJSkinStyleDelegate.h */ = {isa = PBXFileReference; fileEncoding = 4; lastKnownFileType = sourcecode.c.h; path = JJSkinStyleDelegate.h; sourceTree = "<group>"; };
		28ADABA01C89354F00C1F2D2 /* JJTableViewStyle.h */ = {isa = PBXFileReference; fileEncoding = 4; lastKnownFileType = sourcecode.c.h; path = JJTableViewStyle.h; sourceTree = "<group>"; };
		28ADABA11C89354F00C1F2D2 /* JJTableViewStyle.m */ = {isa = PBXFileReference; fileEncoding = 4; lastKnownFileType = sourcecode.c.objc; path = JJTableViewStyle.m; sourceTree = "<group>"; };
		28ADABA21C89354F00C1F2D2 /* JJTextFieldStyle.h */ = {isa = PBXFileReference; fileEncoding = 4; lastKnownFileType = sourcecode.c.h; path = JJTextFieldStyle.h; sourceTree = "<group>"; };
		28ADABA31C89354F00C1F2D2 /* JJTextFieldStyle.m */ = {isa = PBXFileReference; fileEncoding = 4; lastKnownFileType = sourcecode.c.objc; path = JJTextFieldStyle.m; sourceTree = "<group>"; };
		28ADABA41C89354F00C1F2D2 /* JJTextViewStyle.h */ = {isa = PBXFileReference; fileEncoding = 4; lastKnownFileType = sourcecode.c.h; path = JJTextViewStyle.h; sourceTree = "<group>"; };
		28ADABA51C89354F00C1F2D2 /* JJTextViewStyle.m */ = {isa = PBXFileReference; fileEncoding = 4; lastKnownFileType = sourcecode.c.objc; path = JJTextViewStyle.m; sourceTree = "<group>"; };
		28ADABA61C89354F00C1F2D2 /* JJViewStyle.h */ = {isa = PBXFileReference; fileEncoding = 4; lastKnownFileType = sourcecode.c.h; path = JJViewStyle.h; sourceTree = "<group>"; };
		28ADABA71C89354F00C1F2D2 /* JJViewStyle.m */ = {isa = PBXFileReference; fileEncoding = 4; lastKnownFileType = sourcecode.c.objc; path = JJViewStyle.m; sourceTree = "<group>"; };
		28ADABA91C89354F00C1F2D2 /* JJSkinHandleDelegate.h */ = {isa = PBXFileReference; fileEncoding = 4; lastKnownFileType = sourcecode.c.h; path = JJSkinHandleDelegate.h; sourceTree = "<group>"; };
		28ADABAA1C89354F00C1F2D2 /* JJSkinView.h */ = {isa = PBXFileReference; fileEncoding = 4; lastKnownFileType = sourcecode.c.h; path = JJSkinView.h; sourceTree = "<group>"; };
		28ADABAB1C89354F00C1F2D2 /* JJSkinView.m */ = {isa = PBXFileReference; fileEncoding = 4; lastKnownFileType = sourcecode.c.objc; path = JJSkinView.m; sourceTree = "<group>"; };
		28ADABAC1C89354F00C1F2D2 /* JJSkinViewController.h */ = {isa = PBXFileReference; fileEncoding = 4; lastKnownFileType = sourcecode.c.h; path = JJSkinViewController.h; sourceTree = "<group>"; };
		28ADABAD1C89354F00C1F2D2 /* JJSkinViewController.m */ = {isa = PBXFileReference; fileEncoding = 4; lastKnownFileType = sourcecode.c.objc; path = JJSkinViewController.m; sourceTree = "<group>"; };
		28ADABAE1C89354F00C1F2D2 /* UIView+JJSkin.h */ = {isa = PBXFileReference; fileEncoding = 4; lastKnownFileType = sourcecode.c.h; path = "UIView+JJSkin.h"; sourceTree = "<group>"; };
		28ADABAF1C89354F00C1F2D2 /* UIView+JJSkin.m */ = {isa = PBXFileReference; fileEncoding = 4; lastKnownFileType = sourcecode.c.objc; path = "UIView+JJSkin.m"; sourceTree = "<group>"; };
		28ADABB01C89354F00C1F2D2 /* UIViewController+JJSkin.h */ = {isa = PBXFileReference; fileEncoding = 4; lastKnownFileType = sourcecode.c.h; path = "UIViewController+JJSkin.h"; sourceTree = "<group>"; };
		28ADABB11C89354F00C1F2D2 /* UIViewController+JJSkin.m */ = {isa = PBXFileReference; fileEncoding = 4; lastKnownFileType = sourcecode.c.objc; path = "UIViewController+JJSkin.m"; sourceTree = "<group>"; };
/* End PBXFileReference section */

/* Begin PBXFrameworksBuildPhase section */
		28ADAAE31C89336900C1F2D2 /* Frameworks */ = {
			isa = PBXFrameworksBuildPhase;
			buildActionMask = 2147483647;
			files = (
			);
			runOnlyForDeploymentPostprocessing = 0;
		};
/* End PBXFrameworksBuildPhase section */

/* Begin PBXGroup section */
		28ADAADD1C89336900C1F2D2 = {
			isa = PBXGroup;
			children = (
				28ADAB761C89354F00C1F2D2 /* JJSkin */,
				28ADAB001C8933C100C1F2D2 /* JJSkinTest */,
				28ADAAE81C89336900C1F2D2 /* JJSkinDemo */,
				28ADAAE71C89336900C1F2D2 /* Products */,
			);
			sourceTree = "<group>";
		};
		28ADAAE71C89336900C1F2D2 /* Products */ = {
			isa = PBXGroup;
			children = (
				28ADAAE61C89336900C1F2D2 /* JJSkinDemo.app */,
			);
			name = Products;
			sourceTree = "<group>";
		};
		28ADAAE81C89336900C1F2D2 /* JJSkinDemo */ = {
			isa = PBXGroup;
			children = (
				28ADAAEC1C89336900C1F2D2 /* AppDelegate.h */,
				28ADAAED1C89336900C1F2D2 /* AppDelegate.m */,
				28ADAAEF1C89336900C1F2D2 /* ViewController.h */,
				28ADAAF01C89336900C1F2D2 /* ViewController.m */,
				28ADAAF21C89336900C1F2D2 /* Main.storyboard */,
				28ADAAF51C89336900C1F2D2 /* Assets.xcassets */,
				28ADAAF71C89336900C1F2D2 /* LaunchScreen.storyboard */,
				28ADAAFA1C89336900C1F2D2 /* Info.plist */,
				28ADAAE91C89336900C1F2D2 /* Supporting Files */,
			);
			path = JJSkinDemo;
			sourceTree = "<group>";
		};
		28ADAAE91C89336900C1F2D2 /* Supporting Files */ = {
			isa = PBXGroup;
			children = (
				28ADAAEA1C89336900C1F2D2 /* main.m */,
			);
			name = "Supporting Files";
			sourceTree = "<group>";
		};
		28ADAB001C8933C100C1F2D2 /* JJSkinTest */ = {
			isa = PBXGroup;
			children = (
				28ADAB011C8933C100C1F2D2 /* JJSkin+Test.h */,
				28ADAB021C8933C100C1F2D2 /* JJSkin+Test.m */,
				28ADAB031C8933C100C1F2D2 /* jjSkin-iPhone 5C.json */,
				28ADAB041C8933C100C1F2D2 /* jjSkin-iPhone.json */,
				28ADAB051C8933C100C1F2D2 /* jjSkin-iPhone320x568.json */,
				28ADAB061C8933C100C1F2D2 /* jjSkin-iPhone375x667.json */,
			);
			path = JJSkinTest;
			sourceTree = "<group>";
		};
		28ADAB761C89354F00C1F2D2 /* JJSkin */ = {
			isa = PBXGroup;
			children = (
				28ADAB771C89354F00C1F2D2 /* Category */,
				28ADAB841C89354F00C1F2D2 /* Config */,
				28ADAB871C89354F00C1F2D2 /* JJSkin.h */,
				28ADAB881C89354F00C1F2D2 /* Manager */,
				28ADAB8B1C89354F00C1F2D2 /* Style */,
				28ADABA81C89354F00C1F2D2 /* View */,
			);
			name = JJSkin;
			path = ../../JJSkin;
			sourceTree = "<group>";
		};
		28ADAB771C89354F00C1F2D2 /* Category */ = {
			isa = PBXGroup;
			children = (
				28ADAB781C89354F00C1F2D2 /* NSData+JJ.h */,
				28ADAB791C89354F00C1F2D2 /* NSData+JJ.m */,
				28ADAB7A1C89354F00C1F2D2 /* NSObject+JJ.h */,
				28ADAB7B1C89354F00C1F2D2 /* NSObject+JJ.m */,
				28ADAB7C1C89354F00C1F2D2 /* NSObject+JJSkin.h */,
				28ADAB7D1C89354F00C1F2D2 /* NSObject+JJSkin.m */,
				28ADAB7E1C89354F00C1F2D2 /* NSString+JJ.h */,
				28ADAB7F1C89354F00C1F2D2 /* NSString+JJ.m */,
				28ADAB801C89354F00C1F2D2 /* UIColor+JJ.h */,
				28ADAB811C89354F00C1F2D2 /* UIColor+JJ.m */,
				28ADAB821C89354F00C1F2D2 /* UIDevice+JJ.h */,
				28ADAB831C89354F00C1F2D2 /* UIDevice+JJ.m */,
			);
			path = Category;
			sourceTree = "<group>";
		};
		28ADAB841C89354F00C1F2D2 /* Config */ = {
			isa = PBXGroup;
			children = (
				28ADAB851C89354F00C1F2D2 /* JJSkinConfig.h */,
				28ADAB861C89354F00C1F2D2 /* JJSkinConfig.m */,
			);
			path = Config;
			sourceTree = "<group>";
		};
		28ADAB881C89354F00C1F2D2 /* Manager */ = {
			isa = PBXGroup;
			children = (
				28ADAB891C89354F00C1F2D2 /* JJSkinManager.h */,
				28ADAB8A1C89354F00C1F2D2 /* JJSkinManager.m */,
			);
			path = Manager;
			sourceTree = "<group>";
		};
		28ADAB8B1C89354F00C1F2D2 /* Style */ = {
			isa = PBXGroup;
			children = (
				28ADAB8C1C89354F00C1F2D2 /* JJButtonStyle.h */,
				28ADAB8D1C89354F00C1F2D2 /* JJButtonStyle.m */,
				28ADAB8E1C89354F00C1F2D2 /* JJCommonStyle.h */,
				28ADAB8F1C89354F00C1F2D2 /* JJCommonStyle.m */,
				28ADAB901C89354F00C1F2D2 /* JJControlStyle.h */,
				28ADAB911C89354F00C1F2D2 /* JJControlStyle.m */,
				28ADAB921C89354F00C1F2D2 /* JJFontStyle.h */,
				28ADAB931C89354F00C1F2D2 /* JJFontStyle.m */,
				28ADAB941C89354F00C1F2D2 /* JJImageViewStyle.h */,
				28ADAB951C89354F00C1F2D2 /* JJImageViewStyle.m */,
				28ADAB961C89354F00C1F2D2 /* JJLabelStyle.h */,
				28ADAB971C89354F00C1F2D2 /* JJLabelStyle.m */,
				28ADAB981C89354F00C1F2D2 /* JJMyselfTestStyle.h */,
				28ADAB991C89354F00C1F2D2 /* JJMyselfTestStyle.m */,
				28ADAB9A1C89354F00C1F2D2 /* JJScrollViewStyle.h */,
				28ADAB9B1C89354F00C1F2D2 /* JJScrollViewStyle.m */,
				28ADAB9C1C89354F00C1F2D2 /* JJSkinStyle.h */,
				28ADAB9D1C89354F00C1F2D2 /* JJSkinStyle.m */,
				28ADAB9E1C89354F00C1F2D2 /* JJSkinStyleDataSource.h */,
				28ADAB9F1C89354F00C1F2D2 /* JJSkinStyleDelegate.h */,
				28ADABA01C89354F00C1F2D2 /* JJTableViewStyle.h */,
				28ADABA11C89354F00C1F2D2 /* JJTableViewStyle.m */,
				28ADABA21C89354F00C1F2D2 /* JJTextFieldStyle.h */,
				28ADABA31C89354F00C1F2D2 /* JJTextFieldStyle.m */,
				28ADABA41C89354F00C1F2D2 /* JJTextViewStyle.h */,
				28ADABA51C89354F00C1F2D2 /* JJTextViewStyle.m */,
				28ADABA61C89354F00C1F2D2 /* JJViewStyle.h */,
				28ADABA71C89354F00C1F2D2 /* JJViewStyle.m */,
			);
			path = Style;
			sourceTree = "<group>";
		};
		28ADABA81C89354F00C1F2D2 /* View */ = {
			isa = PBXGroup;
			children = (
				28ADABA91C89354F00C1F2D2 /* JJSkinHandleDelegate.h */,
				28ADABAA1C89354F00C1F2D2 /* JJSkinView.h */,
				28ADABAB1C89354F00C1F2D2 /* JJSkinView.m */,
				28ADABAC1C89354F00C1F2D2 /* JJSkinViewController.h */,
				28ADABAD1C89354F00C1F2D2 /* JJSkinViewController.m */,
				28ADABAE1C89354F00C1F2D2 /* UIView+JJSkin.h */,
				28ADABAF1C89354F00C1F2D2 /* UIView+JJSkin.m */,
				28ADABB01C89354F00C1F2D2 /* UIViewController+JJSkin.h */,
				28ADABB11C89354F00C1F2D2 /* UIViewController+JJSkin.m */,
			);
			path = View;
			sourceTree = "<group>";
		};
/* End PBXGroup section */

/* Begin PBXNativeTarget section */
		28ADAAE51C89336900C1F2D2 /* JJSkinDemo */ = {
			isa = PBXNativeTarget;
			buildConfigurationList = 28ADAAFD1C89336900C1F2D2 /* Build configuration list for PBXNativeTarget "JJSkinDemo" */;
			buildPhases = (
				28ADAAE21C89336900C1F2D2 /* Sources */,
				28ADAAE31C89336900C1F2D2 /* Frameworks */,
				28ADAAE41C89336900C1F2D2 /* Resources */,
			);
			buildRules = (
			);
			dependencies = (
			);
			name = JJSkinDemo;
			productName = JJSkinDemo;
			productReference = 28ADAAE61C89336900C1F2D2 /* JJSkinDemo.app */;
			productType = "com.apple.product-type.application";
		};
/* End PBXNativeTarget section */

/* Begin PBXProject section */
		28ADAADE1C89336900C1F2D2 /* Project object */ = {
			isa = PBXProject;
			attributes = {
				LastUpgradeCheck = 0720;
				ORGANIZATIONNAME = JJ;
				TargetAttributes = {
					28ADAAE51C89336900C1F2D2 = {
						CreatedOnToolsVersion = 7.2.1;
					};
				};
			};
			buildConfigurationList = 28ADAAE11C89336900C1F2D2 /* Build configuration list for PBXProject "JJSkinDemo" */;
			compatibilityVersion = "Xcode 3.2";
			developmentRegion = English;
			hasScannedForEncodings = 0;
			knownRegions = (
				en,
				Base,
			);
			mainGroup = 28ADAADD1C89336900C1F2D2;
			productRefGroup = 28ADAAE71C89336900C1F2D2 /* Products */;
			projectDirPath = "";
			projectRoot = "";
			targets = (
				28ADAAE51C89336900C1F2D2 /* JJSkinDemo */,
			);
		};
/* End PBXProject section */

/* Begin PBXResourcesBuildPhase section */
		28ADAAE41C89336900C1F2D2 /* Resources */ = {
			isa = PBXResourcesBuildPhase;
			buildActionMask = 2147483647;
			files = (
				28ADAAF91C89336900C1F2D2 /* LaunchScreen.storyboard in Resources */,
				28ADAAF61C89336900C1F2D2 /* Assets.xcassets in Resources */,
				28ADAB0A1C8933C100C1F2D2 /* jjSkin-iPhone320x568.json in Resources */,
				28ADAB081C8933C100C1F2D2 /* jjSkin-iPhone 5C.json in Resources */,
				28ADAB0B1C8933C100C1F2D2 /* jjSkin-iPhone375x667.json in Resources */,
				28ADAB091C8933C100C1F2D2 /* jjSkin-iPhone.json in Resources */,
				28ADAAF41C89336900C1F2D2 /* Main.storyboard in Resources */,
			);
			runOnlyForDeploymentPostprocessing = 0;
		};
/* End PBXResourcesBuildPhase section */

/* Begin PBXSourcesBuildPhase section */
		28ADAAE21C89336900C1F2D2 /* Sources */ = {
			isa = PBXSourcesBuildPhase;
			buildActionMask = 2147483647;
			files = (
				28ADAB071C8933C100C1F2D2 /* JJSkin+Test.m in Sources */,
				28ADABC81C89354F00C1F2D2 /* JJSkinViewController.m in Sources */,
				28ADABB31C89354F00C1F2D2 /* NSObject+JJ.m in Sources */,
				28ADABB91C89354F00C1F2D2 /* JJSkinManager.m in Sources */,
				28ADABB21C89354F00C1F2D2 /* NSData+JJ.m in Sources */,
				28ADABBD1C89354F00C1F2D2 /* JJFontStyle.m in Sources */,
				28ADABC41C89354F00C1F2D2 /* JJTextFieldStyle.m in Sources */,
				28ADABC01C89354F00C1F2D2 /* JJMyselfTestStyle.m in Sources */,
				28ADABB61C89354F00C1F2D2 /* UIColor+JJ.m in Sources */,
				28ADABBF1C89354F00C1F2D2 /* JJLabelStyle.m in Sources */,
				28ADABC21C89354F00C1F2D2 /* JJSkinStyle.m in Sources */,
				28ADABB81C89354F00C1F2D2 /* JJSkinConfig.m in Sources */,
				28ADAAF11C89336900C1F2D2 /* ViewController.m in Sources */,
				28ADAAEE1C89336900C1F2D2 /* AppDelegate.m in Sources */,
				28ADABC71C89354F00C1F2D2 /* JJSkinView.m in Sources */,
				28ADABC91C89354F00C1F2D2 /* UIView+JJSkin.m in Sources */,
				28ADABBB1C89354F00C1F2D2 /* JJCommonStyle.m in Sources */,
				28ADABCA1C89354F00C1F2D2 /* UIViewController+JJSkin.m in Sources */,
				28ADABB41C89354F00C1F2D2 /* NSObject+JJSkin.m in Sources */,
				28ADABC11C89354F00C1F2D2 /* JJScrollViewStyle.m in Sources */,
				28ADABBE1C89354F00C1F2D2 /* JJImageViewStyle.m in Sources */,
				28ADABC61C89354F00C1F2D2 /* JJViewStyle.m in Sources */,
				28ADABC51C89354F00C1F2D2 /* JJTextViewStyle.m in Sources */,
				28ADABBC1C89354F00C1F2D2 /* JJControlStyle.m in Sources */,
				28ADAAEB1C89336900C1F2D2 /* main.m in Sources */,
				28ADABB51C89354F00C1F2D2 /* NSString+JJ.m in Sources */,
				28ADABBA1C89354F00C1F2D2 /* JJButtonStyle.m in Sources */,
				28ADABB71C89354F00C1F2D2 /* UIDevice+JJ.m in Sources */,
				28ADABC31C89354F00C1F2D2 /* JJTableViewStyle.m in Sources */,
			);
			runOnlyForDeploymentPostprocessing = 0;
		};
/* End PBXSourcesBuildPhase section */

/* Begin PBXVariantGroup section */
		28ADAAF21C89336900C1F2D2 /* Main.storyboard */ = {
			isa = PBXVariantGroup;
			children = (
				28ADAAF31C89336900C1F2D2 /* Base */,
			);
			name = Main.storyboard;
			sourceTree = "<group>";
		};
		28ADAAF71C89336900C1F2D2 /* LaunchScreen.storyboard */ = {
			isa = PBXVariantGroup;
			children = (
				28ADAAF81C89336900C1F2D2 /* Base */,
			);
			name = LaunchScreen.storyboard;
			sourceTree = "<group>";
		};
/* End PBXVariantGroup section */

/* Begin XCBuildConfiguration section */
		28ADAAFB1C89336900C1F2D2 /* Debug */ = {
			isa = XCBuildConfiguration;
			buildSettings = {
				ALWAYS_SEARCH_USER_PATHS = NO;
				CLANG_CXX_LANGUAGE_STANDARD = "gnu++0x";
				CLANG_CXX_LIBRARY = "libc++";
				CLANG_ENABLE_MODULES = YES;
				CLANG_ENABLE_OBJC_ARC = YES;
				CLANG_WARN_BOOL_CONVERSION = YES;
				CLANG_WARN_CONSTANT_CONVERSION = YES;
				CLANG_WARN_DIRECT_OBJC_ISA_USAGE = YES_ERROR;
				CLANG_WARN_EMPTY_BODY = YES;
				CLANG_WARN_ENUM_CONVERSION = YES;
				CLANG_WARN_INT_CONVERSION = YES;
				CLANG_WARN_OBJC_ROOT_CLASS = YES_ERROR;
				CLANG_WARN_UNREACHABLE_CODE = YES;
				CLANG_WARN__DUPLICATE_METHOD_MATCH = YES;
				"CODE_SIGN_IDENTITY[sdk=iphoneos*]" = "iPhone Developer";
				COPY_PHASE_STRIP = NO;
				DEBUG_INFORMATION_FORMAT = dwarf;
				ENABLE_STRICT_OBJC_MSGSEND = YES;
				ENABLE_TESTABILITY = YES;
				GCC_C_LANGUAGE_STANDARD = gnu99;
				GCC_DYNAMIC_NO_PIC = NO;
				GCC_NO_COMMON_BLOCKS = YES;
				GCC_OPTIMIZATION_LEVEL = 0;
				GCC_PREPROCESSOR_DEFINITIONS = (
					"DEBUG=1",
					"$(inherited)",
				);
				GCC_WARN_64_TO_32_BIT_CONVERSION = YES;
				GCC_WARN_ABOUT_RETURN_TYPE = YES_ERROR;
				GCC_WARN_UNDECLARED_SELECTOR = YES;
				GCC_WARN_UNINITIALIZED_AUTOS = YES_AGGRESSIVE;
				GCC_WARN_UNUSED_FUNCTION = YES;
				GCC_WARN_UNUSED_VARIABLE = YES;
				IPHONEOS_DEPLOYMENT_TARGET = 9.2;
				MTL_ENABLE_DEBUG_INFO = YES;
				ONLY_ACTIVE_ARCH = YES;
				SDKROOT = iphoneos;
				TARGETED_DEVICE_FAMILY = "1,2";
			};
			name = Debug;
		};
		28ADAAFC1C89336900C1F2D2 /* Release */ = {
			isa = XCBuildConfiguration;
			buildSettings = {
				ALWAYS_SEARCH_USER_PATHS = NO;
				CLANG_CXX_LANGUAGE_STANDARD = "gnu++0x";
				CLANG_CXX_LIBRARY = "libc++";
				CLANG_ENABLE_MODULES = YES;
				CLANG_ENABLE_OBJC_ARC = YES;
				CLANG_WARN_BOOL_CONVERSION = YES;
				CLANG_WARN_CONSTANT_CONVERSION = YES;
				CLANG_WARN_DIRECT_OBJC_ISA_USAGE = YES_ERROR;
				CLANG_WARN_EMPTY_BODY = YES;
				CLANG_WARN_ENUM_CONVERSION = YES;
				CLANG_WARN_INT_CONVERSION = YES;
				CLANG_WARN_OBJC_ROOT_CLASS = YES_ERROR;
				CLANG_WARN_UNREACHABLE_CODE = YES;
				CLANG_WARN__DUPLICATE_METHOD_MATCH = YES;
				"CODE_SIGN_IDENTITY[sdk=iphoneos*]" = "iPhone Developer";
				COPY_PHASE_STRIP = NO;
				DEBUG_INFORMATION_FORMAT = "dwarf-with-dsym";
				ENABLE_NS_ASSERTIONS = NO;
				ENABLE_STRICT_OBJC_MSGSEND = YES;
				GCC_C_LANGUAGE_STANDARD = gnu99;
				GCC_NO_COMMON_BLOCKS = YES;
				GCC_WARN_64_TO_32_BIT_CONVERSION = YES;
				GCC_WARN_ABOUT_RETURN_TYPE = YES_ERROR;
				GCC_WARN_UNDECLARED_SELECTOR = YES;
				GCC_WARN_UNINITIALIZED_AUTOS = YES_AGGRESSIVE;
				GCC_WARN_UNUSED_FUNCTION = YES;
				GCC_WARN_UNUSED_VARIABLE = YES;
				IPHONEOS_DEPLOYMENT_TARGET = 9.2;
				MTL_ENABLE_DEBUG_INFO = NO;
				SDKROOT = iphoneos;
				TARGETED_DEVICE_FAMILY = "1,2";
				VALIDATE_PRODUCT = YES;
			};
			name = Release;
		};
		28ADAAFE1C89336900C1F2D2 /* Debug */ = {
			isa = XCBuildConfiguration;
			buildSettings = {
				ASSETCATALOG_COMPILER_APPICON_NAME = AppIcon;
				INFOPLIST_FILE = JJSkinDemo/Info.plist;
				LD_RUNPATH_SEARCH_PATHS = "$(inherited) @executable_path/Frameworks";
				PRODUCT_BUNDLE_IDENTIFIER = com.jj.jjskin.JJSkinDemo;
				PRODUCT_NAME = "$(TARGET_NAME)";
			};
			name = Debug;
		};
		28ADAAFF1C89336900C1F2D2 /* Release */ = {
			isa = XCBuildConfiguration;
			buildSettings = {
				ASSETCATALOG_COMPILER_APPICON_NAME = AppIcon;
				INFOPLIST_FILE = JJSkinDemo/Info.plist;
				LD_RUNPATH_SEARCH_PATHS = "$(inherited) @executable_path/Frameworks";
				PRODUCT_BUNDLE_IDENTIFIER = com.jj.jjskin.JJSkinDemo;
				PRODUCT_NAME = "$(TARGET_NAME)";
			};
			name = Release;
		};
/* End XCBuildConfiguration section */

/* Begin XCConfigurationList section */
		28ADAAE11C89336900C1F2D2 /* Build configuration list for PBXProject "JJSkinDemo" */ = {
			isa = XCConfigurationList;
			buildConfigurations = (
				28ADAAFB1C89336900C1F2D2 /* Debug */,
				28ADAAFC1C89336900C1F2D2 /* Release */,
			);
			defaultConfigurationIsVisible = 0;
			defaultConfigurationName = Release;
		};
		28ADAAFD1C89336900C1F2D2 /* Build configuration list for PBXNativeTarget "JJSkinDemo" */ = {
			isa = XCConfigurationList;
			buildConfigurations = (
				28ADAAFE1C89336900C1F2D2 /* Debug */,
				28ADAAFF1C89336900C1F2D2 /* Release */,
			);
			defaultConfigurationIsVisible = 0;
		};
/* End XCConfigurationList section */
	};
	rootObject = 28ADAADE1C89336900C1F2D2 /* Project object */;
}
