// !$*UTF8*$!
{
	archiveVersion = 1;
	classes = {
	};
	objectVersion = 46;
	objects = {

/* Begin PBXBuildFile section */
		28ADAB5D1C8934EF00C1F2D2 /* NSData+JJ.m in Sources */ = {isa = PBXBuildFile; fileRef = 28ADAB241C8934EF00C1F2D2 /* NSData+JJ.m */; };
		28ADAB5E1C8934EF00C1F2D2 /* NSObject+JJ.m in Sources */ = {isa = PBXBuildFile; fileRef = 28ADAB261C8934EF00C1F2D2 /* NSObject+JJ.m */; };
		28ADAB5F1C8934EF00C1F2D2 /* NSObject+JJSkin.m in Sources */ = {isa = PBXBuildFile; fileRef = 28ADAB281C8934EF00C1F2D2 /* NSObject+JJSkin.m */; };
		28ADAB601C8934EF00C1F2D2 /* NSString+JJ.m in Sources */ = {isa = PBXBuildFile; fileRef = 28ADAB2A1C8934EF00C1F2D2 /* NSString+JJ.m */; };
		28ADAB611C8934EF00C1F2D2 /* UIColor+JJ.m in Sources */ = {isa = PBXBuildFile; fileRef = 28ADAB2C1C8934EF00C1F2D2 /* UIColor+JJ.m */; };
		28ADAB621C8934EF00C1F2D2 /* UIDevice+JJ.m in Sources */ = {isa = PBXBuildFile; fileRef = 28ADAB2E1C8934EF00C1F2D2 /* UIDevice+JJ.m */; };
		28ADAB631C8934EF00C1F2D2 /* JJSkinConfig.m in Sources */ = {isa = PBXBuildFile; fileRef = 28ADAB311C8934EF00C1F2D2 /* JJSkinConfig.m */; };
		28ADAB641C8934EF00C1F2D2 /* JJSkinManager.m in Sources */ = {isa = PBXBuildFile; fileRef = 28ADAB351C8934EF00C1F2D2 /* JJSkinManager.m */; };
		28ADAB651C8934EF00C1F2D2 /* JJButtonStyle.m in Sources */ = {isa = PBXBuildFile; fileRef = 28ADAB381C8934EF00C1F2D2 /* JJButtonStyle.m */; };
		28ADAB661C8934EF00C1F2D2 /* JJCommonStyle.m in Sources */ = {isa = PBXBuildFile; fileRef = 28ADAB3A1C8934EF00C1F2D2 /* JJCommonStyle.m */; };
		28ADAB671C8934EF00C1F2D2 /* JJControlStyle.m in Sources */ = {isa = PBXBuildFile; fileRef = 28ADAB3C1C8934EF00C1F2D2 /* JJControlStyle.m */; };
		28ADAB681C8934EF00C1F2D2 /* JJFontStyle.m in Sources */ = {isa = PBXBuildFile; fileRef = 28ADAB3E1C8934EF00C1F2D2 /* JJFontStyle.m */; };
		28ADAB691C8934EF00C1F2D2 /* JJImageViewStyle.m in Sources */ = {isa = PBXBuildFile; fileRef = 28ADAB401C8934EF00C1F2D2 /* JJImageViewStyle.m */; };
		28ADAB6A1C8934EF00C1F2D2 /* JJLabelStyle.m in Sources */ = {isa = PBXBuildFile; fileRef = 28ADAB421C8934EF00C1F2D2 /* JJLabelStyle.m */; };
		28ADAB6B1C8934EF00C1F2D2 /* JJMyselfTestStyle.m in Sources */ = {isa = PBXBuildFile; fileRef = 28ADAB441C8934EF00C1F2D2 /* JJMyselfTestStyle.m */; };
		28ADAB6C1C8934EF00C1F2D2 /* JJScrollViewStyle.m in Sources */ = {isa = PBXBuildFile; fileRef = 28ADAB461C8934EF00C1F2D2 /* JJScrollViewStyle.m */; };
		28ADAB6D1C8934EF00C1F2D2 /* JJSkinStyle.m in Sources */ = {isa = PBXBuildFile; fileRef = 28ADAB481C8934EF00C1F2D2 /* JJSkinStyle.m */; };
		28ADAB6E1C8934EF00C1F2D2 /* JJTableViewStyle.m in Sources */ = {isa = PBXBuildFile; fileRef = 28ADAB4C1C8934EF00C1F2D2 /* JJTableViewStyle.m */; };
		28ADAB6F1C8934EF00C1F2D2 /* JJTextFieldStyle.m in Sources */ = {isa = PBXBuildFile; fileRef = 28ADAB4E1C8934EF00C1F2D2 /* JJTextFieldStyle.m */; };
		28ADAB701C8934EF00C1F2D2 /* JJTextViewStyle.m in Sources */ = {isa = PBXBuildFile; fileRef = 28ADAB501C8934EF00C1F2D2 /* JJTextViewStyle.m */; };
		28ADAB711C8934EF00C1F2D2 /* JJViewStyle.m in Sources */ = {isa = PBXBuildFile; fileRef = 28ADAB521C8934EF00C1F2D2 /* JJViewStyle.m */; };
		28ADAB721C8934EF00C1F2D2 /* JJSkinView.m in Sources */ = {isa = PBXBuildFile; fileRef = 28ADAB561C8934EF00C1F2D2 /* JJSkinView.m */; };
		28ADAB731C8934EF00C1F2D2 /* JJSkinViewController.m in Sources */ = {isa = PBXBuildFile; fileRef = 28ADAB581C8934EF00C1F2D2 /* JJSkinViewController.m */; };
		28ADAB741C8934EF00C1F2D2 /* UIView+JJSkin.m in Sources */ = {isa = PBXBuildFile; fileRef = 28ADAB5A1C8934EF00C1F2D2 /* UIView+JJSkin.m */; };
		28ADAB751C8934EF00C1F2D2 /* UIViewController+JJSkin.m in Sources */ = {isa = PBXBuildFile; fileRef = 28ADAB5C1C8934EF00C1F2D2 /* UIViewController+JJSkin.m */; };
/* End PBXBuildFile section */

/* Begin PBXCopyFilesBuildPhase section */
		28ADAB131C8934B400C1F2D2 /* CopyFiles */ = {
			isa = PBXCopyFilesBuildPhase;
			buildActionMask = 2147483647;
			dstPath = "include/$(PRODUCT_NAME)";
			dstSubfolderSpec = 16;
			files = (
			);
			runOnlyForDeploymentPostprocessing = 0;
		};
/* End PBXCopyFilesBuildPhase section */

/* Begin PBXFileReference section */
		28ADAB151C8934B400C1F2D2 /* libJJSkin.a */ = {isa = PBXFileReference; explicitFileType = archive.ar; includeInIndex = 0; path = libJJSkin.a; sourceTree = BUILT_PRODUCTS_DIR; };
		28ADAB231C8934EF00C1F2D2 /* NSData+JJ.h */ = {isa = PBXFileReference; fileEncoding = 4; lastKnownFileType = sourcecode.c.h; path = "NSData+JJ.h"; sourceTree = "<group>"; };
		28ADAB241C8934EF00C1F2D2 /* NSData+JJ.m */ = {isa = PBXFileReference; fileEncoding = 4; lastKnownFileType = sourcecode.c.objc; path = "NSData+JJ.m"; sourceTree = "<group>"; };
		28ADAB251C8934EF00C1F2D2 /* NSObject+JJ.h */ = {isa = PBXFileReference; fileEncoding = 4; lastKnownFileType = sourcecode.c.h; path = "NSObject+JJ.h"; sourceTree = "<group>"; };
		28ADAB261C8934EF00C1F2D2 /* NSObject+JJ.m */ = {isa = PBXFileReference; fileEncoding = 4; lastKnownFileType = sourcecode.c.objc; path = "NSObject+JJ.m"; sourceTree = "<group>"; };
		28ADAB271C8934EF00C1F2D2 /* NSObject+JJSkin.h */ = {isa = PBXFileReference; fileEncoding = 4; lastKnownFileType = sourcecode.c.h; path = "NSObject+JJSkin.h"; sourceTree = "<group>"; };
		28ADAB281C8934EF00C1F2D2 /* NSObject+JJSkin.m */ = {isa = PBXFileReference; fileEncoding = 4; lastKnownFileType = sourcecode.c.objc; path = "NSObject+JJSkin.m"; sourceTree = "<group>"; };
		28ADAB291C8934EF00C1F2D2 /* NSString+JJ.h */ = {isa = PBXFileReference; fileEncoding = 4; lastKnownFileType = sourcecode.c.h; path = "NSString+JJ.h"; sourceTree = "<group>"; };
		28ADAB2A1C8934EF00C1F2D2 /* NSString+JJ.m */ = {isa = PBXFileReference; fileEncoding = 4; lastKnownFileType = sourcecode.c.objc; path = "NSString+JJ.m"; sourceTree = "<group>"; };
		28ADAB2B1C8934EF00C1F2D2 /* UIColor+JJ.h */ = {isa = PBXFileReference; fileEncoding = 4; lastKnownFileType = sourcecode.c.h; path = "UIColor+JJ.h"; sourceTree = "<group>"; };
		28ADAB2C1C8934EF00C1F2D2 /* UIColor+JJ.m */ = {isa = PBXFileReference; fileEncoding = 4; lastKnownFileType = sourcecode.c.objc; path = "UIColor+JJ.m"; sourceTree = "<group>"; };
		28ADAB2D1C8934EF00C1F2D2 /* UIDevice+JJ.h */ = {isa = PBXFileReference; fileEncoding = 4; lastKnownFileType = sourcecode.c.h; path = "UIDevice+JJ.h"; sourceTree = "<group>"; };
		28ADAB2E1C8934EF00C1F2D2 /* UIDevice+JJ.m */ = {isa = PBXFileReference; fileEncoding = 4; lastKnownFileType = sourcecode.c.objc; path = "UIDevice+JJ.m"; sourceTree = "<group>"; };
		28ADAB301C8934EF00C1F2D2 /* JJSkinConfig.h */ = {isa = PBXFileReference; fileEncoding = 4; lastKnownFileType = sourcecode.c.h; path = JJSkinConfig.h; sourceTree = "<group>"; };
		28ADAB311C8934EF00C1F2D2 /* JJSkinConfig.m */ = {isa = PBXFileReference; fileEncoding = 4; lastKnownFileType = sourcecode.c.objc; path = JJSkinConfig.m; sourceTree = "<group>"; };
		28ADAB321C8934EF00C1F2D2 /* JJSkin.h */ = {isa = PBXFileReference; fileEncoding = 4; lastKnownFileType = sourcecode.c.h; path = JJSkin.h; sourceTree = "<group>"; };
		28ADAB341C8934EF00C1F2D2 /* JJSkinManager.h */ = {isa = PBXFileReference; fileEncoding = 4; lastKnownFileType = sourcecode.c.h; path = JJSkinManager.h; sourceTree = "<group>"; };
		28ADAB351C8934EF00C1F2D2 /* JJSkinManager.m */ = {isa = PBXFileReference; fileEncoding = 4; lastKnownFileType = sourcecode.c.objc; path = JJSkinManager.m; sourceTree = "<group>"; };
		28ADAB371C8934EF00C1F2D2 /* JJButtonStyle.h */ = {isa = PBXFileReference; fileEncoding = 4; lastKnownFileType = sourcecode.c.h; path = JJButtonStyle.h; sourceTree = "<group>"; };
		28ADAB381C8934EF00C1F2D2 /* JJButtonStyle.m */ = {isa = PBXFileReference; fileEncoding = 4; lastKnownFileType = sourcecode.c.objc; path = JJButtonStyle.m; sourceTree = "<group>"; };
		28ADAB391C8934EF00C1F2D2 /* JJCommonStyle.h */ = {isa = PBXFileReference; fileEncoding = 4; lastKnownFileType = sourcecode.c.h; path = JJCommonStyle.h; sourceTree = "<group>"; };
		28ADAB3A1C8934EF00C1F2D2 /* JJCommonStyle.m */ = {isa = PBXFileReference; fileEncoding = 4; lastKnownFileType = sourcecode.c.objc; path = JJCommonStyle.m; sourceTree = "<group>"; };
		28ADAB3B1C8934EF00C1F2D2 /* JJControlStyle.h */ = {isa = PBXFileReference; fileEncoding = 4; lastKnownFileType = sourcecode.c.h; path = JJControlStyle.h; sourceTree = "<group>"; };
		28ADAB3C1C8934EF00C1F2D2 /* JJControlStyle.m */ = {isa = PBXFileReference; fileEncoding = 4; lastKnownFileType = sourcecode.c.objc; path = JJControlStyle.m; sourceTree = "<group>"; };
		28ADAB3D1C8934EF00C1F2D2 /* JJFontStyle.h */ = {isa = PBXFileReference; fileEncoding = 4; lastKnownFileType = sourcecode.c.h; path = JJFontStyle.h; sourceTree = "<group>"; };
		28ADAB3E1C8934EF00C1F2D2 /* JJFontStyle.m */ = {isa = PBXFileReference; fileEncoding = 4; lastKnownFileType = sourcecode.c.objc; path = JJFontStyle.m; sourceTree = "<group>"; };
		28ADAB3F1C8934EF00C1F2D2 /* JJImageViewStyle.h */ = {isa = PBXFileReference; fileEncoding = 4; lastKnownFileType = sourcecode.c.h; path = JJImageViewStyle.h; sourceTree = "<group>"; };
		28ADAB401C8934EF00C1F2D2 /* JJImageViewStyle.m */ = {isa = PBXFileReference; fileEncoding = 4; lastKnownFileType = sourcecode.c.objc; path = JJImageViewStyle.m; sourceTree = "<group>"; };
		28ADAB411C8934EF00C1F2D2 /* JJLabelStyle.h */ = {isa = PBXFileReference; fileEncoding = 4; lastKnownFileType = sourcecode.c.h; path = JJLabelStyle.h; sourceTree = "<group>"; };
		28ADAB421C8934EF00C1F2D2 /* JJLabelStyle.m */ = {isa = PBXFileReference; fileEncoding = 4; lastKnownFileType = sourcecode.c.objc; path = JJLabelStyle.m; sourceTree = "<group>"; };
		28ADAB431C8934EF00C1F2D2 /* JJMyselfTestStyle.h */ = {isa = PBXFileReference; fileEncoding = 4; lastKnownFileType = sourcecode.c.h; path = JJMyselfTestStyle.h; sourceTree = "<group>"; };
		28ADAB441C8934EF00C1F2D2 /* JJMyselfTestStyle.m */ = {isa = PBXFileReference; fileEncoding = 4; lastKnownFileType = sourcecode.c.objc; path = JJMyselfTestStyle.m; sourceTree = "<group>"; };
		28ADAB451C8934EF00C1F2D2 /* JJScrollViewStyle.h */ = {isa = PBXFileReference; fileEncoding = 4; lastKnownFileType = sourcecode.c.h; path = JJScrollViewStyle.h; sourceTree = "<group>"; };
		28ADAB461C8934EF00C1F2D2 /* JJScrollViewStyle.m */ = {isa = PBXFileReference; fileEncoding = 4; lastKnownFileType = sourcecode.c.objc; path = JJScrollViewStyle.m; sourceTree = "<group>"; };
		28ADAB471C8934EF00C1F2D2 /* JJSkinStyle.h */ = {isa = PBXFileReference; fileEncoding = 4; lastKnownFileType = sourcecode.c.h; path = JJSkinStyle.h; sourceTree = "<group>"; };
		28ADAB481C8934EF00C1F2D2 /* JJSkinStyle.m */ = {isa = PBXFileReference; fileEncoding = 4; lastKnownFileType = sourcecode.c.objc; path = JJSkinStyle.m; sourceTree = "<group>"; };
		28ADAB491C8934EF00C1F2D2 /* JJSkinStyleDataSource.h */ = {isa = PBXFileReference; fileEncoding = 4; lastKnownFileType = sourcecode.c.h; path = JJSkinStyleDataSource.h; sourceTree = "<group>"; };
		28ADAB4A1C8934EF00C1F2D2 /* JJSkinStyleDelegate.h */ = {isa = PBXFileReference; fileEncoding = 4; lastKnownFileType = sourcecode.c.h; path = JJSkinStyleDelegate.h; sourceTree = "<group>"; };
		28ADAB4B1C8934EF00C1F2D2 /* JJTableViewStyle.h */ = {isa = PBXFileReference; fileEncoding = 4; lastKnownFileType = sourcecode.c.h; path = JJTableViewStyle.h; sourceTree = "<group>"; };
		28ADAB4C1C8934EF00C1F2D2 /* JJTableViewStyle.m */ = {isa = PBXFileReference; fileEncoding = 4; lastKnownFileType = sourcecode.c.objc; path = JJTableViewStyle.m; sourceTree = "<group>"; };
		28ADAB4D1C8934EF00C1F2D2 /* JJTextFieldStyle.h */ = {isa = PBXFileReference; fileEncoding = 4; lastKnownFileType = sourcecode.c.h; path = JJTextFieldStyle.h; sourceTree = "<group>"; };
		28ADAB4E1C8934EF00C1F2D2 /* JJTextFieldStyle.m */ = {isa = PBXFileReference; fileEncoding = 4; lastKnownFileType = sourcecode.c.objc; path = JJTextFieldStyle.m; sourceTree = "<group>"; };
		28ADAB4F1C8934EF00C1F2D2 /* JJTextViewStyle.h */ = {isa = PBXFileReference; fileEncoding = 4; lastKnownFileType = sourcecode.c.h; path = JJTextViewStyle.h; sourceTree = "<group>"; };
		28ADAB501C8934EF00C1F2D2 /* JJTextViewStyle.m */ = {isa = PBXFileReference; fileEncoding = 4; lastKnownFileType = sourcecode.c.objc; path = JJTextViewStyle.m; sourceTree = "<group>"; };
		28ADAB511C8934EF00C1F2D2 /* JJViewStyle.h */ = {isa = PBXFileReference; fileEncoding = 4; lastKnownFileType = sourcecode.c.h; path = JJViewStyle.h; sourceTree = "<group>"; };
		28ADAB521C8934EF00C1F2D2 /* JJViewStyle.m */ = {isa = PBXFileReference; fileEncoding = 4; lastKnownFileType = sourcecode.c.objc; path = JJViewStyle.m; sourceTree = "<group>"; };
		28ADAB541C8934EF00C1F2D2 /* JJSkinHandleDelegate.h */ = {isa = PBXFileReference; fileEncoding = 4; lastKnownFileType = sourcecode.c.h; path = JJSkinHandleDelegate.h; sourceTree = "<group>"; };
		28ADAB551C8934EF00C1F2D2 /* JJSkinView.h */ = {isa = PBXFileReference; fileEncoding = 4; lastKnownFileType = sourcecode.c.h; path = JJSkinView.h; sourceTree = "<group>"; };
		28ADAB561C8934EF00C1F2D2 /* JJSkinView.m */ = {isa = PBXFileReference; fileEncoding = 4; lastKnownFileType = sourcecode.c.objc; path = JJSkinView.m; sourceTree = "<group>"; };
		28ADAB571C8934EF00C1F2D2 /* JJSkinViewController.h */ = {isa = PBXFileReference; fileEncoding = 4; lastKnownFileType = sourcecode.c.h; path = JJSkinViewController.h; sourceTree = "<group>"; };
		28ADAB581C8934EF00C1F2D2 /* JJSkinViewController.m */ = {isa = PBXFileReference; fileEncoding = 4; lastKnownFileType = sourcecode.c.objc; path = JJSkinViewController.m; sourceTree = "<group>"; };
		28ADAB591C8934EF00C1F2D2 /* UIView+JJSkin.h */ = {isa = PBXFileReference; fileEncoding = 4; lastKnownFileType = sourcecode.c.h; path = "UIView+JJSkin.h"; sourceTree = "<group>"; };
		28ADAB5A1C8934EF00C1F2D2 /* UIView+JJSkin.m */ = {isa = PBXFileReference; fileEncoding = 4; lastKnownFileType = sourcecode.c.objc; path = "UIView+JJSkin.m"; sourceTree = "<group>"; };
		28ADAB5B1C8934EF00C1F2D2 /* UIViewController+JJSkin.h */ = {isa = PBXFileReference; fileEncoding = 4; lastKnownFileType = sourcecode.c.h; path = "UIViewController+JJSkin.h"; sourceTree = "<group>"; };
		28ADAB5C1C8934EF00C1F2D2 /* UIViewController+JJSkin.m */ = {isa = PBXFileReference; fileEncoding = 4; lastKnownFileType = sourcecode.c.objc; path = "UIViewController+JJSkin.m"; sourceTree = "<group>"; };
/* End PBXFileReference section */

/* Begin PBXFrameworksBuildPhase section */
		28ADAB121C8934B400C1F2D2 /* Frameworks */ = {
			isa = PBXFrameworksBuildPhase;
			buildActionMask = 2147483647;
			files = (
			);
			runOnlyForDeploymentPostprocessing = 0;
		};
/* End PBXFrameworksBuildPhase section */

/* Begin PBXGroup section */
		28ADAB0C1C8934B400C1F2D2 = {
			isa = PBXGroup;
			children = (
				28ADAB211C8934EF00C1F2D2 /* JJSkin */,
				28ADAB161C8934B400C1F2D2 /* Products */,
			);
			sourceTree = "<group>";
		};
		28ADAB161C8934B400C1F2D2 /* Products */ = {
			isa = PBXGroup;
			children = (
				28ADAB151C8934B400C1F2D2 /* libJJSkin.a */,
			);
			name = Products;
			sourceTree = "<group>";
		};
		28ADAB211C8934EF00C1F2D2 /* JJSkin */ = {
			isa = PBXGroup;
			children = (
				28ADAB221C8934EF00C1F2D2 /* Category */,
				28ADAB2F1C8934EF00C1F2D2 /* Config */,
				28ADAB321C8934EF00C1F2D2 /* JJSkin.h */,
				28ADAB331C8934EF00C1F2D2 /* Manager */,
				28ADAB361C8934EF00C1F2D2 /* Style */,
				28ADAB531C8934EF00C1F2D2 /* View */,
			);
			path = JJSkin;
			sourceTree = "<group>";
		};
		28ADAB221C8934EF00C1F2D2 /* Category */ = {
			isa = PBXGroup;
			children = (
				28ADAB231C8934EF00C1F2D2 /* NSData+JJ.h */,
				28ADAB241C8934EF00C1F2D2 /* NSData+JJ.m */,
				28ADAB251C8934EF00C1F2D2 /* NSObject+JJ.h */,
				28ADAB261C8934EF00C1F2D2 /* NSObject+JJ.m */,
				28ADAB271C8934EF00C1F2D2 /* NSObject+JJSkin.h */,
				28ADAB281C8934EF00C1F2D2 /* NSObject+JJSkin.m */,
				28ADAB291C8934EF00C1F2D2 /* NSString+JJ.h */,
				28ADAB2A1C8934EF00C1F2D2 /* NSString+JJ.m */,
				28ADAB2B1C8934EF00C1F2D2 /* UIColor+JJ.h */,
				28ADAB2C1C8934EF00C1F2D2 /* UIColor+JJ.m */,
				28ADAB2D1C8934EF00C1F2D2 /* UIDevice+JJ.h */,
				28ADAB2E1C8934EF00C1F2D2 /* UIDevice+JJ.m */,
			);
			path = Category;
			sourceTree = "<group>";
		};
		28ADAB2F1C8934EF00C1F2D2 /* Config */ = {
			isa = PBXGroup;
			children = (
				28ADAB301C8934EF00C1F2D2 /* JJSkinConfig.h */,
				28ADAB311C8934EF00C1F2D2 /* JJSkinConfig.m */,
			);
			path = Config;
			sourceTree = "<group>";
		};
		28ADAB331C8934EF00C1F2D2 /* Manager */ = {
			isa = PBXGroup;
			children = (
				28ADAB341C8934EF00C1F2D2 /* JJSkinManager.h */,
				28ADAB351C8934EF00C1F2D2 /* JJSkinManager.m */,
			);
			path = Manager;
			sourceTree = "<group>";
		};
		28ADAB361C8934EF00C1F2D2 /* Style */ = {
			isa = PBXGroup;
			children = (
				28ADAB371C8934EF00C1F2D2 /* JJButtonStyle.h */,
				28ADAB381C8934EF00C1F2D2 /* JJButtonStyle.m */,
				28ADAB391C8934EF00C1F2D2 /* JJCommonStyle.h */,
				28ADAB3A1C8934EF00C1F2D2 /* JJCommonStyle.m */,
				28ADAB3B1C8934EF00C1F2D2 /* JJControlStyle.h */,
				28ADAB3C1C8934EF00C1F2D2 /* JJControlStyle.m */,
				28ADAB3D1C8934EF00C1F2D2 /* JJFontStyle.h */,
				28ADAB3E1C8934EF00C1F2D2 /* JJFontStyle.m */,
				28ADAB3F1C8934EF00C1F2D2 /* JJImageViewStyle.h */,
				28ADAB401C8934EF00C1F2D2 /* JJImageViewStyle.m */,
				28ADAB411C8934EF00C1F2D2 /* JJLabelStyle.h */,
				28ADAB421C8934EF00C1F2D2 /* JJLabelStyle.m */,
				28ADAB431C8934EF00C1F2D2 /* JJMyselfTestStyle.h */,
				28ADAB441C8934EF00C1F2D2 /* JJMyselfTestStyle.m */,
				28ADAB451C8934EF00C1F2D2 /* JJScrollViewStyle.h */,
				28ADAB461C8934EF00C1F2D2 /* JJScrollViewStyle.m */,
				28ADAB471C8934EF00C1F2D2 /* JJSkinStyle.h */,
				28ADAB481C8934EF00C1F2D2 /* JJSkinStyle.m */,
				28ADAB491C8934EF00C1F2D2 /* JJSkinStyleDataSource.h */,
				28ADAB4A1C8934EF00C1F2D2 /* JJSkinStyleDelegate.h */,
				28ADAB4B1C8934EF00C1F2D2 /* JJTableViewStyle.h */,
				28ADAB4C1C8934EF00C1F2D2 /* JJTableViewStyle.m */,
				28ADAB4D1C8934EF00C1F2D2 /* JJTextFieldStyle.h */,
				28ADAB4E1C8934EF00C1F2D2 /* JJTextFieldStyle.m */,
				28ADAB4F1C8934EF00C1F2D2 /* JJTextViewStyle.h */,
				28ADAB501C8934EF00C1F2D2 /* JJTextViewStyle.m */,
				28ADAB511C8934EF00C1F2D2 /* JJViewStyle.h */,
				28ADAB521C8934EF00C1F2D2 /* JJViewStyle.m */,
			);
			path = Style;
			sourceTree = "<group>";
		};
		28ADAB531C8934EF00C1F2D2 /* View */ = {
			isa = PBXGroup;
			children = (
				28ADAB541C8934EF00C1F2D2 /* JJSkinHandleDelegate.h */,
				28ADAB551C8934EF00C1F2D2 /* JJSkinView.h */,
				28ADAB561C8934EF00C1F2D2 /* JJSkinView.m */,
				28ADAB571C8934EF00C1F2D2 /* JJSkinViewController.h */,
				28ADAB581C8934EF00C1F2D2 /* JJSkinViewController.m */,
				28ADAB591C8934EF00C1F2D2 /* UIView+JJSkin.h */,
				28ADAB5A1C8934EF00C1F2D2 /* UIView+JJSkin.m */,
				28ADAB5B1C8934EF00C1F2D2 /* UIViewController+JJSkin.h */,
				28ADAB5C1C8934EF00C1F2D2 /* UIViewController+JJSkin.m */,
			);
			path = View;
			sourceTree = "<group>";
		};
/* End PBXGroup section */

/* Begin PBXNativeTarget section */
		28ADAB141C8934B400C1F2D2 /* JJSkin */ = {
			isa = PBXNativeTarget;
			buildConfigurationList = 28ADAB1E1C8934B400C1F2D2 /* Build configuration list for PBXNativeTarget "JJSkin" */;
			buildPhases = (
				28ADAB111C8934B400C1F2D2 /* Sources */,
				28ADAB121C8934B400C1F2D2 /* Frameworks */,
				28ADAB131C8934B400C1F2D2 /* CopyFiles */,
			);
			buildRules = (
			);
			dependencies = (
			);
			name = JJSkin;
			productName = JJSkin;
			productReference = 28ADAB151C8934B400C1F2D2 /* libJJSkin.a */;
			productType = "com.apple.product-type.library.static";
		};
/* End PBXNativeTarget section */

/* Begin PBXProject section */
		28ADAB0D1C8934B400C1F2D2 /* Project object */ = {
			isa = PBXProject;
			attributes = {
				LastUpgradeCheck = 0720;
				ORGANIZATIONNAME = JJ;
				TargetAttributes = {
					28ADAB141C8934B400C1F2D2 = {
						CreatedOnToolsVersion = 7.2.1;
					};
				};
			};
			buildConfigurationList = 28ADAB101C8934B400C1F2D2 /* Build configuration list for PBXProject "JJSkin" */;
			compatibilityVersion = "Xcode 3.2";
			developmentRegion = English;
			hasScannedForEncodings = 0;
			knownRegions = (
				en,
			);
			mainGroup = 28ADAB0C1C8934B400C1F2D2;
			productRefGroup = 28ADAB161C8934B400C1F2D2 /* Products */;
			projectDirPath = "";
			projectRoot = "";
			targets = (
				28ADAB141C8934B400C1F2D2 /* JJSkin */,
			);
		};
/* End PBXProject section */

/* Begin PBXSourcesBuildPhase section */
		28ADAB111C8934B400C1F2D2 /* Sources */ = {
			isa = PBXSourcesBuildPhase;
			buildActionMask = 2147483647;
			files = (
				28ADAB5D1C8934EF00C1F2D2 /* NSData+JJ.m in Sources */,
				28ADAB6D1C8934EF00C1F2D2 /* JJSkinStyle.m in Sources */,
				28ADAB671C8934EF00C1F2D2 /* JJControlStyle.m in Sources */,
				28ADAB5E1C8934EF00C1F2D2 /* NSObject+JJ.m in Sources */,
				28ADAB5F1C8934EF00C1F2D2 /* NSObject+JJSkin.m in Sources */,
				28ADAB701C8934EF00C1F2D2 /* JJTextViewStyle.m in Sources */,
				28ADAB621C8934EF00C1F2D2 /* UIDevice+JJ.m in Sources */,
				28ADAB6F1C8934EF00C1F2D2 /* JJTextFieldStyle.m in Sources */,
				28ADAB611C8934EF00C1F2D2 /* UIColor+JJ.m in Sources */,
				28ADAB721C8934EF00C1F2D2 /* JJSkinView.m in Sources */,
				28ADAB6E1C8934EF00C1F2D2 /* JJTableViewStyle.m in Sources */,
				28ADAB711C8934EF00C1F2D2 /* JJViewStyle.m in Sources */,
				28ADAB631C8934EF00C1F2D2 /* JJSkinConfig.m in Sources */,
				28ADAB691C8934EF00C1F2D2 /* JJImageViewStyle.m in Sources */,
				28ADAB6A1C8934EF00C1F2D2 /* JJLabelStyle.m in Sources */,
				28ADAB741C8934EF00C1F2D2 /* UIView+JJSkin.m in Sources */,
				28ADAB641C8934EF00C1F2D2 /* JJSkinManager.m in Sources */,
				28ADAB681C8934EF00C1F2D2 /* JJFontStyle.m in Sources */,
				28ADAB651C8934EF00C1F2D2 /* JJButtonStyle.m in Sources */,
				28ADAB661C8934EF00C1F2D2 /* JJCommonStyle.m in Sources */,
				28ADAB6C1C8934EF00C1F2D2 /* JJScrollViewStyle.m in Sources */,
				28ADAB6B1C8934EF00C1F2D2 /* JJMyselfTestStyle.m in Sources */,
				28ADAB601C8934EF00C1F2D2 /* NSString+JJ.m in Sources */,
				28ADAB731C8934EF00C1F2D2 /* JJSkinViewController.m in Sources */,
				28ADAB751C8934EF00C1F2D2 /* UIViewController+JJSkin.m in Sources */,
			);
			runOnlyForDeploymentPostprocessing = 0;
		};
/* End PBXSourcesBuildPhase section */

/* Begin XCBuildConfiguration section */
		28ADAB1C1C8934B400C1F2D2 /* Debug */ = {
			isa = XCBuildConfiguration;
			buildSettings = {
				ALWAYS_SEARCH_USER_PATHS = NO;
				CLANG_CXX_LANGUAGE_STANDARD = "gnu++0x";
				CLANG_CXX_LIBRARY = "libc++";
				CLANG_ENABLE_MODULES = YES;
				CLANG_ENABLE_OBJC_ARC = YES;
				CLANG_WARN_BOOL_CONVERSION = YES;
				CLANG_WARN_CONSTANT_CONVERSION = YES;
				CLANG_WARN_DIRECT_OBJC_ISA_USAGE = YES_ERROR;
				CLANG_WARN_EMPTY_BODY = YES;
				CLANG_WARN_ENUM_CONVERSION = YES;
				CLANG_WARN_INT_CONVERSION = YES;
				CLANG_WARN_OBJC_ROOT_CLASS = YES_ERROR;
				CLANG_WARN_UNREACHABLE_CODE = YES;
				CLANG_WARN__DUPLICATE_METHOD_MATCH = YES;
				"CODE_SIGN_IDENTITY[sdk=iphoneos*]" = "iPhone Developer";
				COPY_PHASE_STRIP = NO;
				DEBUG_INFORMATION_FORMAT = dwarf;
				ENABLE_STRICT_OBJC_MSGSEND = YES;
				ENABLE_TESTABILITY = YES;
				GCC_C_LANGUAGE_STANDARD = gnu99;
				GCC_DYNAMIC_NO_PIC = NO;
				GCC_NO_COMMON_BLOCKS = YES;
				GCC_OPTIMIZATION_LEVEL = 0;
				GCC_PREPROCESSOR_DEFINITIONS = (
					"DEBUG=1",
					"$(inherited)",
				);
				GCC_WARN_64_TO_32_BIT_CONVERSION = YES;
				GCC_WARN_ABOUT_RETURN_TYPE = YES_ERROR;
				GCC_WARN_UNDECLARED_SELECTOR = YES;
				GCC_WARN_UNINITIALIZED_AUTOS = YES_AGGRESSIVE;
				GCC_WARN_UNUSED_FUNCTION = YES;
				GCC_WARN_UNUSED_VARIABLE = YES;
				IPHONEOS_DEPLOYMENT_TARGET = 9.2;
				MTL_ENABLE_DEBUG_INFO = YES;
				ONLY_ACTIVE_ARCH = YES;
				SDKROOT = iphoneos;
			};
			name = Debug;
		};
		28ADAB1D1C8934B400C1F2D2 /* Release */ = {
			isa = XCBuildConfiguration;
			buildSettings = {
				ALWAYS_SEARCH_USER_PATHS = NO;
				CLANG_CXX_LANGUAGE_STANDARD = "gnu++0x";
				CLANG_CXX_LIBRARY = "libc++";
				CLANG_ENABLE_MODULES = YES;
				CLANG_ENABLE_OBJC_ARC = YES;
				CLANG_WARN_BOOL_CONVERSION = YES;
				CLANG_WARN_CONSTANT_CONVERSION = YES;
				CLANG_WARN_DIRECT_OBJC_ISA_USAGE = YES_ERROR;
				CLANG_WARN_EMPTY_BODY = YES;
				CLANG_WARN_ENUM_CONVERSION = YES;
				CLANG_WARN_INT_CONVERSION = YES;
				CLANG_WARN_OBJC_ROOT_CLASS = YES_ERROR;
				CLANG_WARN_UNREACHABLE_CODE = YES;
				CLANG_WARN__DUPLICATE_METHOD_MATCH = YES;
				"CODE_SIGN_IDENTITY[sdk=iphoneos*]" = "iPhone Developer";
				COPY_PHASE_STRIP = NO;
				DEBUG_INFORMATION_FORMAT = "dwarf-with-dsym";
				ENABLE_NS_ASSERTIONS = NO;
				ENABLE_STRICT_OBJC_MSGSEND = YES;
				GCC_C_LANGUAGE_STANDARD = gnu99;
				GCC_NO_COMMON_BLOCKS = YES;
				GCC_WARN_64_TO_32_BIT_CONVERSION = YES;
				GCC_WARN_ABOUT_RETURN_TYPE = YES_ERROR;
				GCC_WARN_UNDECLARED_SELECTOR = YES;
				GCC_WARN_UNINITIALIZED_AUTOS = YES_AGGRESSIVE;
				GCC_WARN_UNUSED_FUNCTION = YES;
				GCC_WARN_UNUSED_VARIABLE = YES;
				IPHONEOS_DEPLOYMENT_TARGET = 9.2;
				MTL_ENABLE_DEBUG_INFO = NO;
				SDKROOT = iphoneos;
				VALIDATE_PRODUCT = YES;
			};
			name = Release;
		};
		28ADAB1F1C8934B400C1F2D2 /* Debug */ = {
			isa = XCBuildConfiguration;
			buildSettings = {
				OTHER_LDFLAGS = "-ObjC";
				PRODUCT_NAME = "$(TARGET_NAME)";
				SKIP_INSTALL = YES;
			};
			name = Debug;
		};
		28ADAB201C8934B400C1F2D2 /* Release */ = {
			isa = XCBuildConfiguration;
			buildSettings = {
				OTHER_LDFLAGS = "-ObjC";
				PRODUCT_NAME = "$(TARGET_NAME)";
				SKIP_INSTALL = YES;
			};
			name = Release;
		};
/* End XCBuildConfiguration section */

/* Begin XCConfigurationList section */
		28ADAB101C8934B400C1F2D2 /* Build configuration list for PBXProject "JJSkin" */ = {
			isa = XCConfigurationList;
			buildConfigurations = (
				28ADAB1C1C8934B400C1F2D2 /* Debug */,
				28ADAB1D1C8934B400C1F2D2 /* Release */,
			);
			defaultConfigurationIsVisible = 0;
			defaultConfigurationName = Release;
		};
		28ADAB1E1C8934B400C1F2D2 /* Build configuration list for PBXNativeTarget "JJSkin" */ = {
			isa = XCConfigurationList;
			buildConfigurations = (
				28ADAB1F1C8934B400C1F2D2 /* Debug */,
				28ADAB201C8934B400C1F2D2 /* Release */,
			);
			defaultConfigurationIsVisible = 0;
			defaultConfigurationName = Release;
		};
/* End XCConfigurationList section */
	};
	rootObject = 28ADAB0D1C8934B400C1F2D2 /* Project object */;
}
