// !$*UTF8*$!
{
	archiveVersion = 1;
	classes = {
	};
	objectVersion = 46;
	objects = {

/* Begin PBXBuildFile section */
		2828D4041BF7108D00401CC9 /* NSObject+JJSkin.m in Sources */ = {isa = PBXBuildFile; fileRef = 2828D4031BF7108D00401CC9 /* NSObject+JJSkin.m */; };
		7C4C92CE1B6BCB0300B1779D /* NSData+JJ.m in Sources */ = {isa = PBXBuildFile; fileRef = 7C4C92971B6BCB0300B1779D /* NSData+JJ.m */; };
		7C4C92CF1B6BCB0300B1779D /* NSObject+JJ.m in Sources */ = {isa = PBXBuildFile; fileRef = 7C4C92991B6BCB0300B1779D /* NSObject+JJ.m */; };
		7C4C92D01B6BCB0300B1779D /* NSString+JJ.m in Sources */ = {isa = PBXBuildFile; fileRef = 7C4C929B1B6BCB0300B1779D /* NSString+JJ.m */; };
		7C4C92D11B6BCB0300B1779D /* UIColor+JJ.m in Sources */ = {isa = PBXBuildFile; fileRef = 7C4C929D1B6BCB0300B1779D /* UIColor+JJ.m */; };
		7C4C92D21B6BCB0300B1779D /* UIDevice+JJ.m in Sources */ = {isa = PBXBuildFile; fileRef = 7C4C929F1B6BCB0300B1779D /* UIDevice+JJ.m */; };
		7C4C92D31B6BCB0300B1779D /* JJSkinConfig.m in Sources */ = {isa = PBXBuildFile; fileRef = 7C4C92A21B6BCB0300B1779D /* JJSkinConfig.m */; };
		7C4C92D41B6BCB0300B1779D /* JJSkinManager.m in Sources */ = {isa = PBXBuildFile; fileRef = 7C4C92A61B6BCB0300B1779D /* JJSkinManager.m */; };
		7C4C92D51B6BCB0300B1779D /* JJButtonStyle.m in Sources */ = {isa = PBXBuildFile; fileRef = 7C4C92A91B6BCB0300B1779D /* JJButtonStyle.m */; };
		7C4C92D61B6BCB0300B1779D /* JJCommonStyle.m in Sources */ = {isa = PBXBuildFile; fileRef = 7C4C92AB1B6BCB0300B1779D /* JJCommonStyle.m */; };
		7C4C92D71B6BCB0300B1779D /* JJControlStyle.m in Sources */ = {isa = PBXBuildFile; fileRef = 7C4C92AD1B6BCB0300B1779D /* JJControlStyle.m */; };
		7C4C92D81B6BCB0300B1779D /* JJFontStyle.m in Sources */ = {isa = PBXBuildFile; fileRef = 7C4C92AF1B6BCB0300B1779D /* JJFontStyle.m */; };
		7C4C92D91B6BCB0300B1779D /* JJImageViewStyle.m in Sources */ = {isa = PBXBuildFile; fileRef = 7C4C92B11B6BCB0300B1779D /* JJImageViewStyle.m */; };
		7C4C92DA1B6BCB0300B1779D /* JJLabelStyle.m in Sources */ = {isa = PBXBuildFile; fileRef = 7C4C92B31B6BCB0300B1779D /* JJLabelStyle.m */; };
		7C4C92DB1B6BCB0300B1779D /* JJMyselfTestStyle.m in Sources */ = {isa = PBXBuildFile; fileRef = 7C4C92B51B6BCB0300B1779D /* JJMyselfTestStyle.m */; };
		7C4C92DC1B6BCB0300B1779D /* JJScrollViewStyle.m in Sources */ = {isa = PBXBuildFile; fileRef = 7C4C92B71B6BCB0300B1779D /* JJScrollViewStyle.m */; };
		7C4C92DD1B6BCB0300B1779D /* JJSkinStyle.m in Sources */ = {isa = PBXBuildFile; fileRef = 7C4C92B91B6BCB0300B1779D /* JJSkinStyle.m */; };
		7C4C92DE1B6BCB0300B1779D /* JJTableViewStyle.m in Sources */ = {isa = PBXBuildFile; fileRef = 7C4C92BD1B6BCB0300B1779D /* JJTableViewStyle.m */; };
		7C4C92DF1B6BCB0300B1779D /* JJTextFieldStyle.m in Sources */ = {isa = PBXBuildFile; fileRef = 7C4C92BF1B6BCB0300B1779D /* JJTextFieldStyle.m */; };
		7C4C92E01B6BCB0300B1779D /* JJTextViewStyle.m in Sources */ = {isa = PBXBuildFile; fileRef = 7C4C92C11B6BCB0300B1779D /* JJTextViewStyle.m */; };
		7C4C92E11B6BCB0300B1779D /* JJViewStyle.m in Sources */ = {isa = PBXBuildFile; fileRef = 7C4C92C31B6BCB0300B1779D /* JJViewStyle.m */; };
		7C4C92E21B6BCB0300B1779D /* JJSkinView.m in Sources */ = {isa = PBXBuildFile; fileRef = 7C4C92C71B6BCB0300B1779D /* JJSkinView.m */; };
		7C4C92E31B6BCB0300B1779D /* JJSkinViewController.m in Sources */ = {isa = PBXBuildFile; fileRef = 7C4C92C91B6BCB0300B1779D /* JJSkinViewController.m */; };
		7C4C92E41B6BCB0300B1779D /* UIView+JJSkin.m in Sources */ = {isa = PBXBuildFile; fileRef = 7C4C92CB1B6BCB0300B1779D /* UIView+JJSkin.m */; };
		7C4C92E51B6BCB0300B1779D /* UIViewController+JJSkin.m in Sources */ = {isa = PBXBuildFile; fileRef = 7C4C92CD1B6BCB0300B1779D /* UIViewController+JJSkin.m */; };
		7C4C92ED1B6BCB0A00B1779D /* JJSkin+Test.m in Sources */ = {isa = PBXBuildFile; fileRef = 7C4C92E81B6BCB0A00B1779D /* JJSkin+Test.m */; };
		7C4C92EE1B6BCB0A00B1779D /* jjSkin-iPhone 5C.json in Resources */ = {isa = PBXBuildFile; fileRef = 7C4C92E91B6BCB0A00B1779D /* jjSkin-iPhone 5C.json */; };
		7C4C92EF1B6BCB0A00B1779D /* jjSkin-iPhone.json in Resources */ = {isa = PBXBuildFile; fileRef = 7C4C92EA1B6BCB0A00B1779D /* jjSkin-iPhone.json */; };
		7C4C92F01B6BCB0A00B1779D /* jjSkin-iPhone320x568.json in Resources */ = {isa = PBXBuildFile; fileRef = 7C4C92EB1B6BCB0A00B1779D /* jjSkin-iPhone320x568.json */; };
		7C4C92F11B6BCB0A00B1779D /* jjSkin-iPhone375x667.json in Resources */ = {isa = PBXBuildFile; fileRef = 7C4C92EC1B6BCB0A00B1779D /* jjSkin-iPhone375x667.json */; };
		A1FDCF721B1C417B00090407 /* main.m in Sources */ = {isa = PBXBuildFile; fileRef = A1FDCF711B1C417B00090407 /* main.m */; };
		A1FDCF751B1C417B00090407 /* AppDelegate.m in Sources */ = {isa = PBXBuildFile; fileRef = A1FDCF741B1C417B00090407 /* AppDelegate.m */; };
		A1FDCF781B1C417B00090407 /* ViewController.m in Sources */ = {isa = PBXBuildFile; fileRef = A1FDCF771B1C417B00090407 /* ViewController.m */; };
		A1FDCF7B1B1C417B00090407 /* Main.storyboard in Resources */ = {isa = PBXBuildFile; fileRef = A1FDCF791B1C417B00090407 /* Main.storyboard */; };
		A1FDCF7D1B1C417B00090407 /* Images.xcassets in Resources */ = {isa = PBXBuildFile; fileRef = A1FDCF7C1B1C417B00090407 /* Images.xcassets */; };
		A1FDCF801B1C417B00090407 /* LaunchScreen.xib in Resources */ = {isa = PBXBuildFile; fileRef = A1FDCF7E1B1C417B00090407 /* LaunchScreen.xib */; };
		A1FDCF8C1B1C417B00090407 /* JJSkinTests.m in Sources */ = {isa = PBXBuildFile; fileRef = A1FDCF8B1B1C417B00090407 /* JJSkinTests.m */; };
/* End PBXBuildFile section */

/* Begin PBXContainerItemProxy section */
		A1FDCF861B1C417B00090407 /* PBXContainerItemProxy */ = {
			isa = PBXContainerItemProxy;
			containerPortal = A1FDCF641B1C417B00090407 /* Project object */;
			proxyType = 1;
			remoteGlobalIDString = A1FDCF6B1B1C417B00090407;
			remoteInfo = JJSkin;
		};
/* End PBXContainerItemProxy section */

/* Begin PBXFileReference section */
		2828D4021BF7108D00401CC9 /* NSObject+JJSkin.h */ = {isa = PBXFileReference; fileEncoding = 4; lastKnownFileType = sourcecode.c.h; path = "NSObject+JJSkin.h"; sourceTree = "<group>"; };
		2828D4031BF7108D00401CC9 /* NSObject+JJSkin.m */ = {isa = PBXFileReference; fileEncoding = 4; lastKnownFileType = sourcecode.c.objc; path = "NSObject+JJSkin.m"; sourceTree = "<group>"; };
		7C4C92961B6BCB0300B1779D /* NSData+JJ.h */ = {isa = PBXFileReference; fileEncoding = 4; lastKnownFileType = sourcecode.c.h; path = "NSData+JJ.h"; sourceTree = "<group>"; };
		7C4C92971B6BCB0300B1779D /* NSData+JJ.m */ = {isa = PBXFileReference; fileEncoding = 4; lastKnownFileType = sourcecode.c.objc; path = "NSData+JJ.m"; sourceTree = "<group>"; };
		7C4C92981B6BCB0300B1779D /* NSObject+JJ.h */ = {isa = PBXFileReference; fileEncoding = 4; lastKnownFileType = sourcecode.c.h; path = "NSObject+JJ.h"; sourceTree = "<group>"; };
		7C4C92991B6BCB0300B1779D /* NSObject+JJ.m */ = {isa = PBXFileReference; fileEncoding = 4; lastKnownFileType = sourcecode.c.objc; path = "NSObject+JJ.m"; sourceTree = "<group>"; };
		7C4C929A1B6BCB0300B1779D /* NSString+JJ.h */ = {isa = PBXFileReference; fileEncoding = 4; lastKnownFileType = sourcecode.c.h; path = "NSString+JJ.h"; sourceTree = "<group>"; };
		7C4C929B1B6BCB0300B1779D /* NSString+JJ.m */ = {isa = PBXFileReference; fileEncoding = 4; lastKnownFileType = sourcecode.c.objc; path = "NSString+JJ.m"; sourceTree = "<group>"; };
		7C4C929C1B6BCB0300B1779D /* UIColor+JJ.h */ = {isa = PBXFileReference; fileEncoding = 4; lastKnownFileType = sourcecode.c.h; path = "UIColor+JJ.h"; sourceTree = "<group>"; };
		7C4C929D1B6BCB0300B1779D /* UIColor+JJ.m */ = {isa = PBXFileReference; fileEncoding = 4; lastKnownFileType = sourcecode.c.objc; path = "UIColor+JJ.m"; sourceTree = "<group>"; };
		7C4C929E1B6BCB0300B1779D /* UIDevice+JJ.h */ = {isa = PBXFileReference; fileEncoding = 4; lastKnownFileType = sourcecode.c.h; path = "UIDevice+JJ.h"; sourceTree = "<group>"; };
		7C4C929F1B6BCB0300B1779D /* UIDevice+JJ.m */ = {isa = PBXFileReference; fileEncoding = 4; lastKnownFileType = sourcecode.c.objc; path = "UIDevice+JJ.m"; sourceTree = "<group>"; };
		7C4C92A11B6BCB0300B1779D /* JJSkinConfig.h */ = {isa = PBXFileReference; fileEncoding = 4; lastKnownFileType = sourcecode.c.h; path = JJSkinConfig.h; sourceTree = "<group>"; };
		7C4C92A21B6BCB0300B1779D /* JJSkinConfig.m */ = {isa = PBXFileReference; fileEncoding = 4; lastKnownFileType = sourcecode.c.objc; path = JJSkinConfig.m; sourceTree = "<group>"; };
		7C4C92A31B6BCB0300B1779D /* JJSkin.h */ = {isa = PBXFileReference; fileEncoding = 4; lastKnownFileType = sourcecode.c.h; path = JJSkin.h; sourceTree = "<group>"; };
		7C4C92A51B6BCB0300B1779D /* JJSkinManager.h */ = {isa = PBXFileReference; fileEncoding = 4; lastKnownFileType = sourcecode.c.h; path = JJSkinManager.h; sourceTree = "<group>"; };
		7C4C92A61B6BCB0300B1779D /* JJSkinManager.m */ = {isa = PBXFileReference; fileEncoding = 4; lastKnownFileType = sourcecode.c.objc; path = JJSkinManager.m; sourceTree = "<group>"; };
		7C4C92A81B6BCB0300B1779D /* JJButtonStyle.h */ = {isa = PBXFileReference; fileEncoding = 4; lastKnownFileType = sourcecode.c.h; path = JJButtonStyle.h; sourceTree = "<group>"; };
		7C4C92A91B6BCB0300B1779D /* JJButtonStyle.m */ = {isa = PBXFileReference; fileEncoding = 4; lastKnownFileType = sourcecode.c.objc; path = JJButtonStyle.m; sourceTree = "<group>"; };
		7C4C92AA1B6BCB0300B1779D /* JJCommonStyle.h */ = {isa = PBXFileReference; fileEncoding = 4; lastKnownFileType = sourcecode.c.h; path = JJCommonStyle.h; sourceTree = "<group>"; };
		7C4C92AB1B6BCB0300B1779D /* JJCommonStyle.m */ = {isa = PBXFileReference; fileEncoding = 4; lastKnownFileType = sourcecode.c.objc; path = JJCommonStyle.m; sourceTree = "<group>"; };
		7C4C92AC1B6BCB0300B1779D /* JJControlStyle.h */ = {isa = PBXFileReference; fileEncoding = 4; lastKnownFileType = sourcecode.c.h; path = JJControlStyle.h; sourceTree = "<group>"; };
		7C4C92AD1B6BCB0300B1779D /* JJControlStyle.m */ = {isa = PBXFileReference; fileEncoding = 4; lastKnownFileType = sourcecode.c.objc; path = JJControlStyle.m; sourceTree = "<group>"; };
		7C4C92AE1B6BCB0300B1779D /* JJFontStyle.h */ = {isa = PBXFileReference; fileEncoding = 4; lastKnownFileType = sourcecode.c.h; path = JJFontStyle.h; sourceTree = "<group>"; };
		7C4C92AF1B6BCB0300B1779D /* JJFontStyle.m */ = {isa = PBXFileReference; fileEncoding = 4; lastKnownFileType = sourcecode.c.objc; path = JJFontStyle.m; sourceTree = "<group>"; };
		7C4C92B01B6BCB0300B1779D /* JJImageViewStyle.h */ = {isa = PBXFileReference; fileEncoding = 4; lastKnownFileType = sourcecode.c.h; path = JJImageViewStyle.h; sourceTree = "<group>"; };
		7C4C92B11B6BCB0300B1779D /* JJImageViewStyle.m */ = {isa = PBXFileReference; fileEncoding = 4; lastKnownFileType = sourcecode.c.objc; path = JJImageViewStyle.m; sourceTree = "<group>"; };
		7C4C92B21B6BCB0300B1779D /* JJLabelStyle.h */ = {isa = PBXFileReference; fileEncoding = 4; lastKnownFileType = sourcecode.c.h; path = JJLabelStyle.h; sourceTree = "<group>"; };
		7C4C92B31B6BCB0300B1779D /* JJLabelStyle.m */ = {isa = PBXFileReference; fileEncoding = 4; lastKnownFileType = sourcecode.c.objc; path = JJLabelStyle.m; sourceTree = "<group>"; };
		7C4C92B41B6BCB0300B1779D /* JJMyselfTestStyle.h */ = {isa = PBXFileReference; fileEncoding = 4; lastKnownFileType = sourcecode.c.h; path = JJMyselfTestStyle.h; sourceTree = "<group>"; };
		7C4C92B51B6BCB0300B1779D /* JJMyselfTestStyle.m */ = {isa = PBXFileReference; fileEncoding = 4; lastKnownFileType = sourcecode.c.objc; path = JJMyselfTestStyle.m; sourceTree = "<group>"; };
		7C4C92B61B6BCB0300B1779D /* JJScrollViewStyle.h */ = {isa = PBXFileReference; fileEncoding = 4; lastKnownFileType = sourcecode.c.h; path = JJScrollViewStyle.h; sourceTree = "<group>"; };
		7C4C92B71B6BCB0300B1779D /* JJScrollViewStyle.m */ = {isa = PBXFileReference; fileEncoding = 4; lastKnownFileType = sourcecode.c.objc; path = JJScrollViewStyle.m; sourceTree = "<group>"; };
		7C4C92B81B6BCB0300B1779D /* JJSkinStyle.h */ = {isa = PBXFileReference; fileEncoding = 4; lastKnownFileType = sourcecode.c.h; path = JJSkinStyle.h; sourceTree = "<group>"; };
		7C4C92B91B6BCB0300B1779D /* JJSkinStyle.m */ = {isa = PBXFileReference; fileEncoding = 4; lastKnownFileType = sourcecode.c.objc; path = JJSkinStyle.m; sourceTree = "<group>"; };
		7C4C92BA1B6BCB0300B1779D /* JJSkinStyleDataSource.h */ = {isa = PBXFileReference; fileEncoding = 4; lastKnownFileType = sourcecode.c.h; path = JJSkinStyleDataSource.h; sourceTree = "<group>"; };
		7C4C92BB1B6BCB0300B1779D /* JJSkinStyleDelegate.h */ = {isa = PBXFileReference; fileEncoding = 4; lastKnownFileType = sourcecode.c.h; path = JJSkinStyleDelegate.h; sourceTree = "<group>"; };
		7C4C92BC1B6BCB0300B1779D /* JJTableViewStyle.h */ = {isa = PBXFileReference; fileEncoding = 4; lastKnownFileType = sourcecode.c.h; path = JJTableViewStyle.h; sourceTree = "<group>"; };
		7C4C92BD1B6BCB0300B1779D /* JJTableViewStyle.m */ = {isa = PBXFileReference; fileEncoding = 4; lastKnownFileType = sourcecode.c.objc; path = JJTableViewStyle.m; sourceTree = "<group>"; };
		7C4C92BE1B6BCB0300B1779D /* JJTextFieldStyle.h */ = {isa = PBXFileReference; fileEncoding = 4; lastKnownFileType = sourcecode.c.h; path = JJTextFieldStyle.h; sourceTree = "<group>"; };
		7C4C92BF1B6BCB0300B1779D /* JJTextFieldStyle.m */ = {isa = PBXFileReference; fileEncoding = 4; lastKnownFileType = sourcecode.c.objc; path = JJTextFieldStyle.m; sourceTree = "<group>"; };
		7C4C92C01B6BCB0300B1779D /* JJTextViewStyle.h */ = {isa = PBXFileReference; fileEncoding = 4; lastKnownFileType = sourcecode.c.h; path = JJTextViewStyle.h; sourceTree = "<group>"; };
		7C4C92C11B6BCB0300B1779D /* JJTextViewStyle.m */ = {isa = PBXFileReference; fileEncoding = 4; lastKnownFileType = sourcecode.c.objc; path = JJTextViewStyle.m; sourceTree = "<group>"; };
		7C4C92C21B6BCB0300B1779D /* JJViewStyle.h */ = {isa = PBXFileReference; fileEncoding = 4; lastKnownFileType = sourcecode.c.h; path = JJViewStyle.h; sourceTree = "<group>"; };
		7C4C92C31B6BCB0300B1779D /* JJViewStyle.m */ = {isa = PBXFileReference; fileEncoding = 4; lastKnownFileType = sourcecode.c.objc; path = JJViewStyle.m; sourceTree = "<group>"; };
		7C4C92C51B6BCB0300B1779D /* JJSkinHandleDelegate.h */ = {isa = PBXFileReference; fileEncoding = 4; lastKnownFileType = sourcecode.c.h; path = JJSkinHandleDelegate.h; sourceTree = "<group>"; };
		7C4C92C61B6BCB0300B1779D /* JJSkinView.h */ = {isa = PBXFileReference; fileEncoding = 4; lastKnownFileType = sourcecode.c.h; path = JJSkinView.h; sourceTree = "<group>"; };
		7C4C92C71B6BCB0300B1779D /* JJSkinView.m */ = {isa = PBXFileReference; fileEncoding = 4; lastKnownFileType = sourcecode.c.objc; path = JJSkinView.m; sourceTree = "<group>"; };
		7C4C92C81B6BCB0300B1779D /* JJSkinViewController.h */ = {isa = PBXFileReference; fileEncoding = 4; lastKnownFileType = sourcecode.c.h; path = JJSkinViewController.h; sourceTree = "<group>"; };
		7C4C92C91B6BCB0300B1779D /* JJSkinViewController.m */ = {isa = PBXFileReference; fileEncoding = 4; lastKnownFileType = sourcecode.c.objc; path = JJSkinViewController.m; sourceTree = "<group>"; };
		7C4C92CA1B6BCB0300B1779D /* UIView+JJSkin.h */ = {isa = PBXFileReference; fileEncoding = 4; lastKnownFileType = sourcecode.c.h; path = "UIView+JJSkin.h"; sourceTree = "<group>"; };
		7C4C92CB1B6BCB0300B1779D /* UIView+JJSkin.m */ = {isa = PBXFileReference; fileEncoding = 4; lastKnownFileType = sourcecode.c.objc; path = "UIView+JJSkin.m"; sourceTree = "<group>"; };
		7C4C92CC1B6BCB0300B1779D /* UIViewController+JJSkin.h */ = {isa = PBXFileReference; fileEncoding = 4; lastKnownFileType = sourcecode.c.h; path = "UIViewController+JJSkin.h"; sourceTree = "<group>"; };
		7C4C92CD1B6BCB0300B1779D /* UIViewController+JJSkin.m */ = {isa = PBXFileReference; fileEncoding = 4; lastKnownFileType = sourcecode.c.objc; path = "UIViewController+JJSkin.m"; sourceTree = "<group>"; };
		7C4C92E71B6BCB0A00B1779D /* JJSkin+Test.h */ = {isa = PBXFileReference; fileEncoding = 4; lastKnownFileType = sourcecode.c.h; path = "JJSkin+Test.h"; sourceTree = "<group>"; };
		7C4C92E81B6BCB0A00B1779D /* JJSkin+Test.m */ = {isa = PBXFileReference; fileEncoding = 4; lastKnownFileType = sourcecode.c.objc; path = "JJSkin+Test.m"; sourceTree = "<group>"; };
		7C4C92E91B6BCB0A00B1779D /* jjSkin-iPhone 5C.json */ = {isa = PBXFileReference; fileEncoding = 4; lastKnownFileType = text.json; path = "jjSkin-iPhone 5C.json"; sourceTree = "<group>"; };
		7C4C92EA1B6BCB0A00B1779D /* jjSkin-iPhone.json */ = {isa = PBXFileReference; fileEncoding = 4; lastKnownFileType = text.json; path = "jjSkin-iPhone.json"; sourceTree = "<group>"; };
		7C4C92EB1B6BCB0A00B1779D /* jjSkin-iPhone320x568.json */ = {isa = PBXFileReference; fileEncoding = 4; lastKnownFileType = text.json; path = "jjSkin-iPhone320x568.json"; sourceTree = "<group>"; };
		7C4C92EC1B6BCB0A00B1779D /* jjSkin-iPhone375x667.json */ = {isa = PBXFileReference; fileEncoding = 4; lastKnownFileType = text.json; path = "jjSkin-iPhone375x667.json"; sourceTree = "<group>"; };
		A1FDCF6C1B1C417B00090407 /* JJSkin.app */ = {isa = PBXFileReference; explicitFileType = wrapper.application; includeInIndex = 0; path = JJSkin.app; sourceTree = BUILT_PRODUCTS_DIR; };
		A1FDCF701B1C417B00090407 /* Info.plist */ = {isa = PBXFileReference; lastKnownFileType = text.plist.xml; path = Info.plist; sourceTree = "<group>"; };
		A1FDCF711B1C417B00090407 /* main.m */ = {isa = PBXFileReference; lastKnownFileType = sourcecode.c.objc; path = main.m; sourceTree = "<group>"; };
		A1FDCF731B1C417B00090407 /* AppDelegate.h */ = {isa = PBXFileReference; lastKnownFileType = sourcecode.c.h; path = AppDelegate.h; sourceTree = "<group>"; };
		A1FDCF741B1C417B00090407 /* AppDelegate.m */ = {isa = PBXFileReference; lastKnownFileType = sourcecode.c.objc; path = AppDelegate.m; sourceTree = "<group>"; };
		A1FDCF761B1C417B00090407 /* ViewController.h */ = {isa = PBXFileReference; lastKnownFileType = sourcecode.c.h; path = ViewController.h; sourceTree = "<group>"; };
		A1FDCF771B1C417B00090407 /* ViewController.m */ = {isa = PBXFileReference; lastKnownFileType = sourcecode.c.objc; path = ViewController.m; sourceTree = "<group>"; };
		A1FDCF7A1B1C417B00090407 /* Base */ = {isa = PBXFileReference; lastKnownFileType = file.storyboard; name = Base; path = Base.lproj/Main.storyboard; sourceTree = "<group>"; };
		A1FDCF7C1B1C417B00090407 /* Images.xcassets */ = {isa = PBXFileReference; lastKnownFileType = folder.assetcatalog; path = Images.xcassets; sourceTree = "<group>"; };
		A1FDCF7F1B1C417B00090407 /* Base */ = {isa = PBXFileReference; lastKnownFileType = file.xib; name = Base; path = Base.lproj/LaunchScreen.xib; sourceTree = "<group>"; };
		A1FDCF851B1C417B00090407 /* JJSkinTests.xctest */ = {isa = PBXFileReference; explicitFileType = wrapper.cfbundle; includeInIndex = 0; path = JJSkinTests.xctest; sourceTree = BUILT_PRODUCTS_DIR; };
		A1FDCF8A1B1C417B00090407 /* Info.plist */ = {isa = PBXFileReference; lastKnownFileType = text.plist.xml; path = Info.plist; sourceTree = "<group>"; };
		A1FDCF8B1B1C417B00090407 /* JJSkinTests.m */ = {isa = PBXFileReference; lastKnownFileType = sourcecode.c.objc; path = JJSkinTests.m; sourceTree = "<group>"; };
/* End PBXFileReference section */

/* Begin PBXFrameworksBuildPhase section */
		A1FDCF691B1C417B00090407 /* Frameworks */ = {
			isa = PBXFrameworksBuildPhase;
			buildActionMask = 2147483647;
			files = (
			);
			runOnlyForDeploymentPostprocessing = 0;
		};
		A1FDCF821B1C417B00090407 /* Frameworks */ = {
			isa = PBXFrameworksBuildPhase;
			buildActionMask = 2147483647;
			files = (
			);
			runOnlyForDeploymentPostprocessing = 0;
		};
/* End PBXFrameworksBuildPhase section */

/* Begin PBXGroup section */
		7C4C92941B6BCB0300B1779D /* JJSkin */ = {
			isa = PBXGroup;
			children = (
				7C4C92951B6BCB0300B1779D /* Category */,
				7C4C92A01B6BCB0300B1779D /* Config */,
				7C4C92A31B6BCB0300B1779D /* JJSkin.h */,
				7C4C92A41B6BCB0300B1779D /* Manager */,
				7C4C92A71B6BCB0300B1779D /* Style */,
				7C4C92C41B6BCB0300B1779D /* View */,
			);
			path = JJSkin;
			sourceTree = "<group>";
		};
		7C4C92951B6BCB0300B1779D /* Category */ = {
			isa = PBXGroup;
			children = (
				7C4C92961B6BCB0300B1779D /* NSData+JJ.h */,
				7C4C92971B6BCB0300B1779D /* NSData+JJ.m */,
				7C4C92981B6BCB0300B1779D /* NSObject+JJ.h */,
				7C4C92991B6BCB0300B1779D /* NSObject+JJ.m */,
				2828D4021BF7108D00401CC9 /* NSObject+JJSkin.h */,
				2828D4031BF7108D00401CC9 /* NSObject+JJSkin.m */,
				7C4C929A1B6BCB0300B1779D /* NSString+JJ.h */,
				7C4C929B1B6BCB0300B1779D /* NSString+JJ.m */,
				7C4C929C1B6BCB0300B1779D /* UIColor+JJ.h */,
				7C4C929D1B6BCB0300B1779D /* UIColor+JJ.m */,
				7C4C929E1B6BCB0300B1779D /* UIDevice+JJ.h */,
				7C4C929F1B6BCB0300B1779D /* UIDevice+JJ.m */,
			);
			path = Category;
			sourceTree = "<group>";
		};
		7C4C92A01B6BCB0300B1779D /* Config */ = {
			isa = PBXGroup;
			children = (
				7C4C92A11B6BCB0300B1779D /* JJSkinConfig.h */,
				7C4C92A21B6BCB0300B1779D /* JJSkinConfig.m */,
			);
			path = Config;
			sourceTree = "<group>";
		};
		7C4C92A41B6BCB0300B1779D /* Manager */ = {
			isa = PBXGroup;
			children = (
				7C4C92A51B6BCB0300B1779D /* JJSkinManager.h */,
				7C4C92A61B6BCB0300B1779D /* JJSkinManager.m */,
			);
			path = Manager;
			sourceTree = "<group>";
		};
		7C4C92A71B6BCB0300B1779D /* Style */ = {
			isa = PBXGroup;
			children = (
				7C4C92A81B6BCB0300B1779D /* JJButtonStyle.h */,
				7C4C92A91B6BCB0300B1779D /* JJButtonStyle.m */,
				7C4C92AA1B6BCB0300B1779D /* JJCommonStyle.h */,
				7C4C92AB1B6BCB0300B1779D /* JJCommonStyle.m */,
				7C4C92AC1B6BCB0300B1779D /* JJControlStyle.h */,
				7C4C92AD1B6BCB0300B1779D /* JJControlStyle.m */,
				7C4C92AE1B6BCB0300B1779D /* JJFontStyle.h */,
				7C4C92AF1B6BCB0300B1779D /* JJFontStyle.m */,
				7C4C92B01B6BCB0300B1779D /* JJImageViewStyle.h */,
				7C4C92B11B6BCB0300B1779D /* JJImageViewStyle.m */,
				7C4C92B21B6BCB0300B1779D /* JJLabelStyle.h */,
				7C4C92B31B6BCB0300B1779D /* JJLabelStyle.m */,
				7C4C92B41B6BCB0300B1779D /* JJMyselfTestStyle.h */,
				7C4C92B51B6BCB0300B1779D /* JJMyselfTestStyle.m */,
				7C4C92B61B6BCB0300B1779D /* JJScrollViewStyle.h */,
				7C4C92B71B6BCB0300B1779D /* JJScrollViewStyle.m */,
				7C4C92B81B6BCB0300B1779D /* JJSkinStyle.h */,
				7C4C92B91B6BCB0300B1779D /* JJSkinStyle.m */,
				7C4C92BA1B6BCB0300B1779D /* JJSkinStyleDataSource.h */,
				7C4C92BB1B6BCB0300B1779D /* JJSkinStyleDelegate.h */,
				7C4C92BC1B6BCB0300B1779D /* JJTableViewStyle.h */,
				7C4C92BD1B6BCB0300B1779D /* JJTableViewStyle.m */,
				7C4C92BE1B6BCB0300B1779D /* JJTextFieldStyle.h */,
				7C4C92BF1B6BCB0300B1779D /* JJTextFieldStyle.m */,
				7C4C92C01B6BCB0300B1779D /* JJTextViewStyle.h */,
				7C4C92C11B6BCB0300B1779D /* JJTextViewStyle.m */,
				7C4C92C21B6BCB0300B1779D /* JJViewStyle.h */,
				7C4C92C31B6BCB0300B1779D /* JJViewStyle.m */,
			);
			path = Style;
			sourceTree = "<group>";
		};
		7C4C92C41B6BCB0300B1779D /* View */ = {
			isa = PBXGroup;
			children = (
				7C4C92C51B6BCB0300B1779D /* JJSkinHandleDelegate.h */,
				7C4C92C61B6BCB0300B1779D /* JJSkinView.h */,
				7C4C92C71B6BCB0300B1779D /* JJSkinView.m */,
				7C4C92C81B6BCB0300B1779D /* JJSkinViewController.h */,
				7C4C92C91B6BCB0300B1779D /* JJSkinViewController.m */,
				7C4C92CA1B6BCB0300B1779D /* UIView+JJSkin.h */,
				7C4C92CB1B6BCB0300B1779D /* UIView+JJSkin.m */,
				7C4C92CC1B6BCB0300B1779D /* UIViewController+JJSkin.h */,
				7C4C92CD1B6BCB0300B1779D /* UIViewController+JJSkin.m */,
			);
			path = View;
			sourceTree = "<group>";
		};
		7C4C92E61B6BCB0A00B1779D /* JJSkinTest */ = {
			isa = PBXGroup;
			children = (
				7C4C92E71B6BCB0A00B1779D /* JJSkin+Test.h */,
				7C4C92E81B6BCB0A00B1779D /* JJSkin+Test.m */,
				7C4C92E91B6BCB0A00B1779D /* jjSkin-iPhone 5C.json */,
				7C4C92EA1B6BCB0A00B1779D /* jjSkin-iPhone.json */,
				7C4C92EB1B6BCB0A00B1779D /* jjSkin-iPhone320x568.json */,
				7C4C92EC1B6BCB0A00B1779D /* jjSkin-iPhone375x667.json */,
			);
			name = JJSkinTest;
			path = JJSkin/JJSkinTest;
			sourceTree = SOURCE_ROOT;
		};
		A1FDCF631B1C417B00090407 = {
			isa = PBXGroup;
			children = (
				A1FDCF6E1B1C417B00090407 /* JJSkin */,
				A1FDCF881B1C417B00090407 /* JJSkinTests */,
				A1FDCF6D1B1C417B00090407 /* Products */,
			);
			sourceTree = "<group>";
		};
		A1FDCF6D1B1C417B00090407 /* Products */ = {
			isa = PBXGroup;
			children = (
				A1FDCF6C1B1C417B00090407 /* JJSkin.app */,
				A1FDCF851B1C417B00090407 /* JJSkinTests.xctest */,
			);
			name = Products;
			sourceTree = "<group>";
		};
		A1FDCF6E1B1C417B00090407 /* JJSkin */ = {
			isa = PBXGroup;
			children = (
				A1FDCFD31B1C648D00090407 /* API */,
				A1FDCF731B1C417B00090407 /* AppDelegate.h */,
				A1FDCF741B1C417B00090407 /* AppDelegate.m */,
				A1FDCF761B1C417B00090407 /* ViewController.h */,
				A1FDCF771B1C417B00090407 /* ViewController.m */,
				A1FDCF791B1C417B00090407 /* Main.storyboard */,
				A1FDCF7C1B1C417B00090407 /* Images.xcassets */,
				A1FDCF7E1B1C417B00090407 /* LaunchScreen.xib */,
				A1FDCF6F1B1C417B00090407 /* Supporting Files */,
			);
			path = JJSkin;
			sourceTree = "<group>";
		};
		A1FDCF6F1B1C417B00090407 /* Supporting Files */ = {
			isa = PBXGroup;
			children = (
				A1FDCF701B1C417B00090407 /* Info.plist */,
				A1FDCF711B1C417B00090407 /* main.m */,
			);
			name = "Supporting Files";
			sourceTree = "<group>";
		};
		A1FDCF881B1C417B00090407 /* JJSkinTests */ = {
			isa = PBXGroup;
			children = (
				A1FDCF8B1B1C417B00090407 /* JJSkinTests.m */,
				A1FDCF891B1C417B00090407 /* Supporting Files */,
			);
			path = JJSkinTests;
			sourceTree = "<group>";
		};
		A1FDCF891B1C417B00090407 /* Supporting Files */ = {
			isa = PBXGroup;
			children = (
				A1FDCF8A1B1C417B00090407 /* Info.plist */,
			);
			name = "Supporting Files";
			sourceTree = "<group>";
		};
		A1FDCFD31B1C648D00090407 /* API */ = {
			isa = PBXGroup;
			children = (
				7C4C92941B6BCB0300B1779D /* JJSkin */,
				7C4C92E61B6BCB0A00B1779D /* JJSkinTest */,
			);
			name = API;
			sourceTree = "<group>";
		};
/* End PBXGroup section */

/* Begin PBXNativeTarget section */
		A1FDCF6B1B1C417B00090407 /* JJSkin */ = {
			isa = PBXNativeTarget;
			buildConfigurationList = A1FDCF8F1B1C417B00090407 /* Build configuration list for PBXNativeTarget "JJSkin" */;
			buildPhases = (
				A1FDCF681B1C417B00090407 /* Sources */,
				A1FDCF691B1C417B00090407 /* Frameworks */,
				A1FDCF6A1B1C417B00090407 /* Resources */,
			);
			buildRules = (
			);
			dependencies = (
			);
			name = JJSkin;
			productName = JJSkin;
			productReference = A1FDCF6C1B1C417B00090407 /* JJSkin.app */;
			productType = "com.apple.product-type.application";
		};
		A1FDCF841B1C417B00090407 /* JJSkinTests */ = {
			isa = PBXNativeTarget;
			buildConfigurationList = A1FDCF921B1C417B00090407 /* Build configuration list for PBXNativeTarget "JJSkinTests" */;
			buildPhases = (
				A1FDCF811B1C417B00090407 /* Sources */,
				A1FDCF821B1C417B00090407 /* Frameworks */,
				A1FDCF831B1C417B00090407 /* Resources */,
			);
			buildRules = (
			);
			dependencies = (
				A1FDCF871B1C417B00090407 /* PBXTargetDependency */,
			);
			name = JJSkinTests;
			productName = JJSkinTests;
			productReference = A1FDCF851B1C417B00090407 /* JJSkinTests.xctest */;
			productType = "com.apple.product-type.bundle.unit-test";
		};
/* End PBXNativeTarget section */

/* Begin PBXProject section */
		A1FDCF641B1C417B00090407 /* Project object */ = {
			isa = PBXProject;
			attributes = {
				LastUpgradeCheck = 0630;
				ORGANIZATIONNAME = gongjian;
				TargetAttributes = {
					A1FDCF6B1B1C417B00090407 = {
						CreatedOnToolsVersion = 6.3.2;
					};
					A1FDCF841B1C417B00090407 = {
						CreatedOnToolsVersion = 6.3.2;
						TestTargetID = A1FDCF6B1B1C417B00090407;
					};
				};
			};
			buildConfigurationList = A1FDCF671B1C417B00090407 /* Build configuration list for PBXProject "JJSkin" */;
			compatibilityVersion = "Xcode 3.2";
			developmentRegion = English;
			hasScannedForEncodings = 0;
			knownRegions = (
				en,
				Base,
			);
			mainGroup = A1FDCF631B1C417B00090407;
			productRefGroup = A1FDCF6D1B1C417B00090407 /* Products */;
			projectDirPath = "";
			projectRoot = "";
			targets = (
				A1FDCF6B1B1C417B00090407 /* JJSkin */,
				A1FDCF841B1C417B00090407 /* JJSkinTests */,
			);
		};
/* End PBXProject section */

/* Begin PBXResourcesBuildPhase section */
		A1FDCF6A1B1C417B00090407 /* Resources */ = {
			isa = PBXResourcesBuildPhase;
			buildActionMask = 2147483647;
			files = (
				A1FDCF7B1B1C417B00090407 /* Main.storyboard in Resources */,
				A1FDCF801B1C417B00090407 /* LaunchScreen.xib in Resources */,
				7C4C92F01B6BCB0A00B1779D /* jjSkin-iPhone320x568.json in Resources */,
				7C4C92EE1B6BCB0A00B1779D /* jjSkin-iPhone 5C.json in Resources */,
				7C4C92F11B6BCB0A00B1779D /* jjSkin-iPhone375x667.json in Resources */,
				7C4C92EF1B6BCB0A00B1779D /* jjSkin-iPhone.json in Resources */,
				A1FDCF7D1B1C417B00090407 /* Images.xcassets in Resources */,
			);
			runOnlyForDeploymentPostprocessing = 0;
		};
		A1FDCF831B1C417B00090407 /* Resources */ = {
			isa = PBXResourcesBuildPhase;
			buildActionMask = 2147483647;
			files = (
			);
			runOnlyForDeploymentPostprocessing = 0;
		};
/* End PBXResourcesBuildPhase section */

/* Begin PBXSourcesBuildPhase section */
		A1FDCF681B1C417B00090407 /* Sources */ = {
			isa = PBXSourcesBuildPhase;
			buildActionMask = 2147483647;
			files = (
				2828D4041BF7108D00401CC9 /* NSObject+JJSkin.m in Sources */,
				7C4C92ED1B6BCB0A00B1779D /* JJSkin+Test.m in Sources */,
				7C4C92D31B6BCB0300B1779D /* JJSkinConfig.m in Sources */,
				7C4C92DC1B6BCB0300B1779D /* JJScrollViewStyle.m in Sources */,
				7C4C92DB1B6BCB0300B1779D /* JJMyselfTestStyle.m in Sources */,
				7C4C92E41B6BCB0300B1779D /* UIView+JJSkin.m in Sources */,
				7C4C92D11B6BCB0300B1779D /* UIColor+JJ.m in Sources */,
				7C4C92D41B6BCB0300B1779D /* JJSkinManager.m in Sources */,
				7C4C92CE1B6BCB0300B1779D /* NSData+JJ.m in Sources */,
				7C4C92D81B6BCB0300B1779D /* JJFontStyle.m in Sources */,
				7C4C92E31B6BCB0300B1779D /* JJSkinViewController.m in Sources */,
				7C4C92D61B6BCB0300B1779D /* JJCommonStyle.m in Sources */,
				7C4C92D01B6BCB0300B1779D /* NSString+JJ.m in Sources */,
				7C4C92E01B6BCB0300B1779D /* JJTextViewStyle.m in Sources */,
				A1FDCF781B1C417B00090407 /* ViewController.m in Sources */,
				A1FDCF751B1C417B00090407 /* AppDelegate.m in Sources */,
				7C4C92D21B6BCB0300B1779D /* UIDevice+JJ.m in Sources */,
				7C4C92CF1B6BCB0300B1779D /* NSObject+JJ.m in Sources */,
				A1FDCF721B1C417B00090407 /* main.m in Sources */,
				7C4C92D91B6BCB0300B1779D /* JJImageViewStyle.m in Sources */,
				7C4C92DD1B6BCB0300B1779D /* JJSkinStyle.m in Sources */,
				7C4C92D71B6BCB0300B1779D /* JJControlStyle.m in Sources */,
				7C4C92DE1B6BCB0300B1779D /* JJTableViewStyle.m in Sources */,
				7C4C92E21B6BCB0300B1779D /* JJSkinView.m in Sources */,
				7C4C92E51B6BCB0300B1779D /* UIViewController+JJSkin.m in Sources */,
				7C4C92E11B6BCB0300B1779D /* JJViewStyle.m in Sources */,
				7C4C92DF1B6BCB0300B1779D /* JJTextFieldStyle.m in Sources */,
				7C4C92DA1B6BCB0300B1779D /* JJLabelStyle.m in Sources */,
				7C4C92D51B6BCB0300B1779D /* JJButtonStyle.m in Sources */,
			);
			runOnlyForDeploymentPostprocessing = 0;
		};
		A1FDCF811B1C417B00090407 /* Sources */ = {
			isa = PBXSourcesBuildPhase;
			buildActionMask = 2147483647;
			files = (
				A1FDCF8C1B1C417B00090407 /* JJSkinTests.m in Sources */,
			);
			runOnlyForDeploymentPostprocessing = 0;
		};
/* End PBXSourcesBuildPhase section */

/* Begin PBXTargetDependency section */
		A1FDCF871B1C417B00090407 /* PBXTargetDependency */ = {
			isa = PBXTargetDependency;
			target = A1FDCF6B1B1C417B00090407 /* JJSkin */;
			targetProxy = A1FDCF861B1C417B00090407 /* PBXContainerItemProxy */;
		};
/* End PBXTargetDependency section */

/* Begin PBXVariantGroup section */
		A1FDCF791B1C417B00090407 /* Main.storyboard */ = {
			isa = PBXVariantGroup;
			children = (
				A1FDCF7A1B1C417B00090407 /* Base */,
			);
			name = Main.storyboard;
			sourceTree = "<group>";
		};
		A1FDCF7E1B1C417B00090407 /* LaunchScreen.xib */ = {
			isa = PBXVariantGroup;
			children = (
				A1FDCF7F1B1C417B00090407 /* Base */,
			);
			name = LaunchScreen.xib;
			sourceTree = "<group>";
		};
/* End PBXVariantGroup section */

/* Begin XCBuildConfiguration section */
		A1FDCF8D1B1C417B00090407 /* Debug */ = {
			isa = XCBuildConfiguration;
			buildSettings = {
				ALWAYS_SEARCH_USER_PATHS = NO;
				CLANG_CXX_LANGUAGE_STANDARD = "gnu++0x";
				CLANG_CXX_LIBRARY = "libc++";
				CLANG_ENABLE_MODULES = YES;
				CLANG_ENABLE_OBJC_ARC = YES;
				CLANG_WARN_BOOL_CONVERSION = YES;
				CLANG_WARN_CONSTANT_CONVERSION = YES;
				CLANG_WARN_DIRECT_OBJC_ISA_USAGE = YES_ERROR;
				CLANG_WARN_EMPTY_BODY = YES;
				CLANG_WARN_ENUM_CONVERSION = YES;
				CLANG_WARN_INT_CONVERSION = YES;
				CLANG_WARN_OBJC_ROOT_CLASS = YES_ERROR;
				CLANG_WARN_UNREACHABLE_CODE = YES;
				CLANG_WARN__DUPLICATE_METHOD_MATCH = YES;
				"CODE_SIGN_IDENTITY[sdk=iphoneos*]" = "iPhone Developer";
				COPY_PHASE_STRIP = NO;
				DEBUG_INFORMATION_FORMAT = "dwarf-with-dsym";
				ENABLE_STRICT_OBJC_MSGSEND = YES;
				GCC_C_LANGUAGE_STANDARD = gnu99;
				GCC_DYNAMIC_NO_PIC = NO;
				GCC_NO_COMMON_BLOCKS = YES;
				GCC_OPTIMIZATION_LEVEL = 0;
				GCC_PREPROCESSOR_DEFINITIONS = (
					"DEBUG=1",
					"$(inherited)",
				);
				GCC_SYMBOLS_PRIVATE_EXTERN = NO;
				GCC_WARN_64_TO_32_BIT_CONVERSION = YES;
				GCC_WARN_ABOUT_RETURN_TYPE = YES_ERROR;
				GCC_WARN_UNDECLARED_SELECTOR = YES;
				GCC_WARN_UNINITIALIZED_AUTOS = YES_AGGRESSIVE;
				GCC_WARN_UNUSED_FUNCTION = YES;
				GCC_WARN_UNUSED_VARIABLE = YES;
				IPHONEOS_DEPLOYMENT_TARGET = 8.3;
				MTL_ENABLE_DEBUG_INFO = YES;
				ONLY_ACTIVE_ARCH = YES;
				SDKROOT = iphoneos;
				TARGETED_DEVICE_FAMILY = "1,2";
			};
			name = Debug;
		};
		A1FDCF8E1B1C417B00090407 /* Release */ = {
			isa = XCBuildConfiguration;
			buildSettings = {
				ALWAYS_SEARCH_USER_PATHS = NO;
				CLANG_CXX_LANGUAGE_STANDARD = "gnu++0x";
				CLANG_CXX_LIBRARY = "libc++";
				CLANG_ENABLE_MODULES = YES;
				CLANG_ENABLE_OBJC_ARC = YES;
				CLANG_WARN_BOOL_CONVERSION = YES;
				CLANG_WARN_CONSTANT_CONVERSION = YES;
				CLANG_WARN_DIRECT_OBJC_ISA_USAGE = YES_ERROR;
				CLANG_WARN_EMPTY_BODY = YES;
				CLANG_WARN_ENUM_CONVERSION = YES;
				CLANG_WARN_INT_CONVERSION = YES;
				CLANG_WARN_OBJC_ROOT_CLASS = YES_ERROR;
				CLANG_WARN_UNREACHABLE_CODE = YES;
				CLANG_WARN__DUPLICATE_METHOD_MATCH = YES;
				"CODE_SIGN_IDENTITY[sdk=iphoneos*]" = "iPhone Developer";
				COPY_PHASE_STRIP = NO;
				DEBUG_INFORMATION_FORMAT = "dwarf-with-dsym";
				ENABLE_NS_ASSERTIONS = NO;
				ENABLE_STRICT_OBJC_MSGSEND = YES;
				GCC_C_LANGUAGE_STANDARD = gnu99;
				GCC_NO_COMMON_BLOCKS = YES;
				GCC_WARN_64_TO_32_BIT_CONVERSION = YES;
				GCC_WARN_ABOUT_RETURN_TYPE = YES_ERROR;
				GCC_WARN_UNDECLARED_SELECTOR = YES;
				GCC_WARN_UNINITIALIZED_AUTOS = YES_AGGRESSIVE;
				GCC_WARN_UNUSED_FUNCTION = YES;
				GCC_WARN_UNUSED_VARIABLE = YES;
				IPHONEOS_DEPLOYMENT_TARGET = 8.3;
				MTL_ENABLE_DEBUG_INFO = NO;
				SDKROOT = iphoneos;
				TARGETED_DEVICE_FAMILY = "1,2";
				VALIDATE_PRODUCT = YES;
			};
			name = Release;
		};
		A1FDCF901B1C417B00090407 /* Debug */ = {
			isa = XCBuildConfiguration;
			buildSettings = {
				ASSETCATALOG_COMPILER_APPICON_NAME = AppIcon;
				INFOPLIST_FILE = JJSkin/Info.plist;
				LD_RUNPATH_SEARCH_PATHS = "$(inherited) @executable_path/Frameworks";
				PRODUCT_NAME = "$(TARGET_NAME)";
			};
			name = Debug;
		};
		A1FDCF911B1C417B00090407 /* Release */ = {
			isa = XCBuildConfiguration;
			buildSettings = {
				ASSETCATALOG_COMPILER_APPICON_NAME = AppIcon;
				INFOPLIST_FILE = JJSkin/Info.plist;
				LD_RUNPATH_SEARCH_PATHS = "$(inherited) @executable_path/Frameworks";
				PRODUCT_NAME = "$(TARGET_NAME)";
			};
			name = Release;
		};
		A1FDCF931B1C417B00090407 /* Debug */ = {
			isa = XCBuildConfiguration;
			buildSettings = {
				BUNDLE_LOADER = "$(TEST_HOST)";
				FRAMEWORK_SEARCH_PATHS = (
					"$(SDKROOT)/Developer/Library/Frameworks",
					"$(inherited)",
				);
				GCC_PREPROCESSOR_DEFINITIONS = (
					"DEBUG=1",
					"$(inherited)",
				);
				INFOPLIST_FILE = JJSkinTests/Info.plist;
				LD_RUNPATH_SEARCH_PATHS = "$(inherited) @executable_path/Frameworks @loader_path/Frameworks";
				PRODUCT_NAME = "$(TARGET_NAME)";
				TEST_HOST = "$(BUILT_PRODUCTS_DIR)/JJSkin.app/JJSkin";
			};
			name = Debug;
		};
		A1FDCF941B1C417B00090407 /* Release */ = {
			isa = XCBuildConfiguration;
			buildSettings = {
				BUNDLE_LOADER = "$(TEST_HOST)";
				FRAMEWORK_SEARCH_PATHS = (
					"$(SDKROOT)/Developer/Library/Frameworks",
					"$(inherited)",
				);
				INFOPLIST_FILE = JJSkinTests/Info.plist;
				LD_RUNPATH_SEARCH_PATHS = "$(inherited) @executable_path/Frameworks @loader_path/Frameworks";
				PRODUCT_NAME = "$(TARGET_NAME)";
				TEST_HOST = "$(BUILT_PRODUCTS_DIR)/JJSkin.app/JJSkin";
			};
			name = Release;
		};
/* End XCBuildConfiguration section */

/* Begin XCConfigurationList section */
		A1FDCF671B1C417B00090407 /* Build configuration list for PBXProject "JJSkin" */ = {
			isa = XCConfigurationList;
			buildConfigurations = (
				A1FDCF8D1B1C417B00090407 /* Debug */,
				A1FDCF8E1B1C417B00090407 /* Release */,
			);
			defaultConfigurationIsVisible = 0;
			defaultConfigurationName = Release;
		};
		A1FDCF8F1B1C417B00090407 /* Build configuration list for PBXNativeTarget "JJSkin" */ = {
			isa = XCConfigurationList;
			buildConfigurations = (
				A1FDCF901B1C417B00090407 /* Debug */,
				A1FDCF911B1C417B00090407 /* Release */,
			);
			defaultConfigurationIsVisible = 0;
			defaultConfigurationName = Release;
		};
		A1FDCF921B1C417B00090407 /* Build configuration list for PBXNativeTarget "JJSkinTests" */ = {
			isa = XCConfigurationList;
			buildConfigurations = (
				A1FDCF931B1C417B00090407 /* Debug */,
				A1FDCF941B1C417B00090407 /* Release */,
			);
			defaultConfigurationIsVisible = 0;
			defaultConfigurationName = Release;
		};
/* End XCConfigurationList section */
	};
	rootObject = A1FDCF641B1C417B00090407 /* Project object */;
}
